// !$*UTF8*$!
{
	archiveVersion = 1;
	classes = {
	};
	objectVersion = 48;
	objects = {

/* Begin PBXBuildFile section */
		452908D2339F7BBF09C9A4DD /* Pods_WhirlyDirlyWords.framework in Frameworks */ = {isa = PBXBuildFile; fileRef = 0DCAD6F89C9120547654C79D /* Pods_WhirlyDirlyWords.framework */; };
		6E9C8C6EBC24B28CF0CA4519 /* Pods_WhirlyDirlyWordsUITests.framework in Frameworks */ = {isa = PBXBuildFile; fileRef = B51D2384B8BE754F4E501A93 /* Pods_WhirlyDirlyWordsUITests.framework */; };
		B294B2096F0BD0A495158BEB /* Pods_WhirlyDirlyWordsTests.framework in Frameworks */ = {isa = PBXBuildFile; fileRef = 37C4EFCB616D8E7245524656 /* Pods_WhirlyDirlyWordsTests.framework */; };
		E9DF83E71FD8D83700C64AFB /* AppDelegate.swift in Sources */ = {isa = PBXBuildFile; fileRef = E9DF83E61FD8D83700C64AFB /* AppDelegate.swift */; };
		E9DF83E91FD8D83700C64AFB /* ViewController.swift in Sources */ = {isa = PBXBuildFile; fileRef = E9DF83E81FD8D83700C64AFB /* ViewController.swift */; };
		E9DF83EC1FD8D83700C64AFB /* Main.storyboard in Resources */ = {isa = PBXBuildFile; fileRef = E9DF83EA1FD8D83700C64AFB /* Main.storyboard */; };
		E9DF83EE1FD8D83700C64AFB /* Assets.xcassets in Resources */ = {isa = PBXBuildFile; fileRef = E9DF83ED1FD8D83700C64AFB /* Assets.xcassets */; };
		E9DF83F11FD8D83700C64AFB /* LaunchScreen.storyboard in Resources */ = {isa = PBXBuildFile; fileRef = E9DF83EF1FD8D83700C64AFB /* LaunchScreen.storyboard */; };
		E9DF83FC1FD8D83700C64AFB /* WhirlyDirlyWordsTests.swift in Sources */ = {isa = PBXBuildFile; fileRef = E9DF83FB1FD8D83700C64AFB /* WhirlyDirlyWordsTests.swift */; };
		E9DF84071FD8D83700C64AFB /* WhirlyDirlyWordsUITests.swift in Sources */ = {isa = PBXBuildFile; fileRef = E9DF84061FD8D83700C64AFB /* WhirlyDirlyWordsUITests.swift */; };
		E9DF84161FD8DA2A00C64AFB /* words-long.txt in Resources */ = {isa = PBXBuildFile; fileRef = E9DF84151FD8DA2A00C64AFB /* words-long.txt */; };
		E9DF84181FD8DA4500C64AFB /* word-medium.txt in Resources */ = {isa = PBXBuildFile; fileRef = E9DF84171FD8DA4500C64AFB /* word-medium.txt */; };
		E9DF841A1FD8DA5000C64AFB /* words-short.txt in Resources */ = {isa = PBXBuildFile; fileRef = E9DF84191FD8DA5000C64AFB /* words-short.txt */; };
		E9DF841C1FD8DAB300C64AFB /* words-all.txt in Resources */ = {isa = PBXBuildFile; fileRef = E9DF841B1FD8DAB300C64AFB /* words-all.txt */; };
		E9DF841F1FD8DAD800C64AFB /* Parser.swift in Sources */ = {isa = PBXBuildFile; fileRef = E9DF841E1FD8DAD800C64AFB /* Parser.swift */; };
		E9DF84211FD8DC8F00C64AFB /* ParserTest.swift in Sources */ = {isa = PBXBuildFile; fileRef = E9DF84201FD8DC8F00C64AFB /* ParserTest.swift */; };
		E9DF84231FD8DE6500C64AFB /* Words.swift in Sources */ = {isa = PBXBuildFile; fileRef = E9DF84221FD8DE6500C64AFB /* Words.swift */; };
		E9DF84261FD8DEDB00C64AFB /* Length.swift in Sources */ = {isa = PBXBuildFile; fileRef = E9DF84251FD8DEDB00C64AFB /* Length.swift */; };
		E9DF84291FD8E1BE00C64AFB /* String+Extras.swift in Sources */ = {isa = PBXBuildFile; fileRef = E9DF84281FD8E1BE00C64AFB /* String+Extras.swift */; };
		E9DF842B1FD8E89800C64AFB /* words-extended.txt in Resources */ = {isa = PBXBuildFile; fileRef = E9DF842A1FD8E89800C64AFB /* words-extended.txt */; };
/* End PBXBuildFile section */

/* Begin PBXContainerItemProxy section */
		E9DF83F81FD8D83700C64AFB /* PBXContainerItemProxy */ = {
			isa = PBXContainerItemProxy;
			containerPortal = E9DF83DB1FD8D83600C64AFB /* Project object */;
			proxyType = 1;
			remoteGlobalIDString = E9DF83E21FD8D83600C64AFB;
			remoteInfo = WhirlyDirlyWords;
		};
		E9DF84031FD8D83700C64AFB /* PBXContainerItemProxy */ = {
			isa = PBXContainerItemProxy;
			containerPortal = E9DF83DB1FD8D83600C64AFB /* Project object */;
			proxyType = 1;
			remoteGlobalIDString = E9DF83E21FD8D83600C64AFB;
			remoteInfo = WhirlyDirlyWords;
		};
/* End PBXContainerItemProxy section */

/* Begin PBXFileReference section */
		0DCAD6F89C9120547654C79D /* Pods_WhirlyDirlyWords.framework */ = {isa = PBXFileReference; explicitFileType = wrapper.framework; includeInIndex = 0; path = Pods_WhirlyDirlyWords.framework; sourceTree = BUILT_PRODUCTS_DIR; };
		202B6D99DF522214D948C813 /* Pods-WhirlyDirlyWordsUITests.release.xcconfig */ = {isa = PBXFileReference; includeInIndex = 1; lastKnownFileType = text.xcconfig; name = "Pods-WhirlyDirlyWordsUITests.release.xcconfig"; path = "Pods/Target Support Files/Pods-WhirlyDirlyWordsUITests/Pods-WhirlyDirlyWordsUITests.release.xcconfig"; sourceTree = "<group>"; };
		37C4EFCB616D8E7245524656 /* Pods_WhirlyDirlyWordsTests.framework */ = {isa = PBXFileReference; explicitFileType = wrapper.framework; includeInIndex = 0; path = Pods_WhirlyDirlyWordsTests.framework; sourceTree = BUILT_PRODUCTS_DIR; };
		38424CA6DB5A7478C5BB97AB /* Pods-WhirlyDirlyWords.release.xcconfig */ = {isa = PBXFileReference; includeInIndex = 1; lastKnownFileType = text.xcconfig; name = "Pods-WhirlyDirlyWords.release.xcconfig"; path = "Pods/Target Support Files/Pods-WhirlyDirlyWords/Pods-WhirlyDirlyWords.release.xcconfig"; sourceTree = "<group>"; };
		43A7807D0ECCF2BCAF018E54 /* Pods-WhirlyDirlyWordsTests.debug.xcconfig */ = {isa = PBXFileReference; includeInIndex = 1; lastKnownFileType = text.xcconfig; name = "Pods-WhirlyDirlyWordsTests.debug.xcconfig"; path = "Pods/Target Support Files/Pods-WhirlyDirlyWordsTests/Pods-WhirlyDirlyWordsTests.debug.xcconfig"; sourceTree = "<group>"; };
		52AC2D1AF8822EACBDF65974 /* Pods-WhirlyDirlyWordsTests.release.xcconfig */ = {isa = PBXFileReference; includeInIndex = 1; lastKnownFileType = text.xcconfig; name = "Pods-WhirlyDirlyWordsTests.release.xcconfig"; path = "Pods/Target Support Files/Pods-WhirlyDirlyWordsTests/Pods-WhirlyDirlyWordsTests.release.xcconfig"; sourceTree = "<group>"; };
		6D946113E26916996D935A97 /* Pods-WhirlyDirlyWords.debug.xcconfig */ = {isa = PBXFileReference; includeInIndex = 1; lastKnownFileType = text.xcconfig; name = "Pods-WhirlyDirlyWords.debug.xcconfig"; path = "Pods/Target Support Files/Pods-WhirlyDirlyWords/Pods-WhirlyDirlyWords.debug.xcconfig"; sourceTree = "<group>"; };
		B51D2384B8BE754F4E501A93 /* Pods_WhirlyDirlyWordsUITests.framework */ = {isa = PBXFileReference; explicitFileType = wrapper.framework; includeInIndex = 0; path = Pods_WhirlyDirlyWordsUITests.framework; sourceTree = BUILT_PRODUCTS_DIR; };
		CB3A7A126549389058186FC3 /* Pods-WhirlyDirlyWordsUITests.debug.xcconfig */ = {isa = PBXFileReference; includeInIndex = 1; lastKnownFileType = text.xcconfig; name = "Pods-WhirlyDirlyWordsUITests.debug.xcconfig"; path = "Pods/Target Support Files/Pods-WhirlyDirlyWordsUITests/Pods-WhirlyDirlyWordsUITests.debug.xcconfig"; sourceTree = "<group>"; };
		E9DF83E31FD8D83700C64AFB /* WhirlyDirlyWords.app */ = {isa = PBXFileReference; explicitFileType = wrapper.application; includeInIndex = 0; path = WhirlyDirlyWords.app; sourceTree = BUILT_PRODUCTS_DIR; };
		E9DF83E61FD8D83700C64AFB /* AppDelegate.swift */ = {isa = PBXFileReference; lastKnownFileType = sourcecode.swift; path = AppDelegate.swift; sourceTree = "<group>"; };
		E9DF83E81FD8D83700C64AFB /* ViewController.swift */ = {isa = PBXFileReference; lastKnownFileType = sourcecode.swift; path = ViewController.swift; sourceTree = "<group>"; };
		E9DF83EB1FD8D83700C64AFB /* Base */ = {isa = PBXFileReference; lastKnownFileType = file.storyboard; name = Base; path = Base.lproj/Main.storyboard; sourceTree = "<group>"; };
		E9DF83ED1FD8D83700C64AFB /* Assets.xcassets */ = {isa = PBXFileReference; lastKnownFileType = folder.assetcatalog; path = Assets.xcassets; sourceTree = "<group>"; };
		E9DF83F01FD8D83700C64AFB /* Base */ = {isa = PBXFileReference; lastKnownFileType = file.storyboard; name = Base; path = Base.lproj/LaunchScreen.storyboard; sourceTree = "<group>"; };
		E9DF83F21FD8D83700C64AFB /* Info.plist */ = {isa = PBXFileReference; lastKnownFileType = text.plist.xml; path = Info.plist; sourceTree = "<group>"; };
		E9DF83F71FD8D83700C64AFB /* WhirlyDirlyWordsTests.xctest */ = {isa = PBXFileReference; explicitFileType = wrapper.cfbundle; includeInIndex = 0; path = WhirlyDirlyWordsTests.xctest; sourceTree = BUILT_PRODUCTS_DIR; };
		E9DF83FB1FD8D83700C64AFB /* WhirlyDirlyWordsTests.swift */ = {isa = PBXFileReference; lastKnownFileType = sourcecode.swift; path = WhirlyDirlyWordsTests.swift; sourceTree = "<group>"; };
		E9DF83FD1FD8D83700C64AFB /* Info.plist */ = {isa = PBXFileReference; lastKnownFileType = text.plist.xml; path = Info.plist; sourceTree = "<group>"; };
		E9DF84021FD8D83700C64AFB /* WhirlyDirlyWordsUITests.xctest */ = {isa = PBXFileReference; explicitFileType = wrapper.cfbundle; includeInIndex = 0; path = WhirlyDirlyWordsUITests.xctest; sourceTree = BUILT_PRODUCTS_DIR; };
		E9DF84061FD8D83700C64AFB /* WhirlyDirlyWordsUITests.swift */ = {isa = PBXFileReference; lastKnownFileType = sourcecode.swift; path = WhirlyDirlyWordsUITests.swift; sourceTree = "<group>"; };
		E9DF84081FD8D83700C64AFB /* Info.plist */ = {isa = PBXFileReference; lastKnownFileType = text.plist.xml; path = Info.plist; sourceTree = "<group>"; };
		E9DF84151FD8DA2A00C64AFB /* words-long.txt */ = {isa = PBXFileReference; lastKnownFileType = text; path = "words-long.txt"; sourceTree = "<group>"; };
		E9DF84171FD8DA4500C64AFB /* word-medium.txt */ = {isa = PBXFileReference; lastKnownFileType = text; path = "word-medium.txt"; sourceTree = "<group>"; };
		E9DF84191FD8DA5000C64AFB /* words-short.txt */ = {isa = PBXFileReference; lastKnownFileType = text; path = "words-short.txt"; sourceTree = "<group>"; };
		E9DF841B1FD8DAB300C64AFB /* words-all.txt */ = {isa = PBXFileReference; lastKnownFileType = text; path = "words-all.txt"; sourceTree = "<group>"; };
		E9DF841E1FD8DAD800C64AFB /* Parser.swift */ = {isa = PBXFileReference; lastKnownFileType = sourcecode.swift; path = Parser.swift; sourceTree = "<group>"; };
		E9DF84201FD8DC8F00C64AFB /* ParserTest.swift */ = {isa = PBXFileReference; lastKnownFileType = sourcecode.swift; path = ParserTest.swift; sourceTree = "<group>"; };
		E9DF84221FD8DE6500C64AFB /* Words.swift */ = {isa = PBXFileReference; lastKnownFileType = sourcecode.swift; path = Words.swift; sourceTree = "<group>"; };
		E9DF84251FD8DEDB00C64AFB /* Length.swift */ = {isa = PBXFileReference; lastKnownFileType = sourcecode.swift; path = Length.swift; sourceTree = "<group>"; };
		E9DF84281FD8E1BE00C64AFB /* String+Extras.swift */ = {isa = PBXFileReference; lastKnownFileType = sourcecode.swift; path = "String+Extras.swift"; sourceTree = "<group>"; };
		E9DF842A1FD8E89800C64AFB /* words-extended.txt */ = {isa = PBXFileReference; lastKnownFileType = text; path = "words-extended.txt"; sourceTree = "<group>"; };
/* End PBXFileReference section */

/* Begin PBXFrameworksBuildPhase section */
		E9DF83E01FD8D83600C64AFB /* Frameworks */ = {
			isa = PBXFrameworksBuildPhase;
			buildActionMask = 2147483647;
			files = (
				452908D2339F7BBF09C9A4DD /* Pods_WhirlyDirlyWords.framework in Frameworks */,
			);
			runOnlyForDeploymentPostprocessing = 0;
		};
		E9DF83F41FD8D83700C64AFB /* Frameworks */ = {
			isa = PBXFrameworksBuildPhase;
			buildActionMask = 2147483647;
			files = (
				B294B2096F0BD0A495158BEB /* Pods_WhirlyDirlyWordsTests.framework in Frameworks */,
			);
			runOnlyForDeploymentPostprocessing = 0;
		};
		E9DF83FF1FD8D83700C64AFB /* Frameworks */ = {
			isa = PBXFrameworksBuildPhase;
			buildActionMask = 2147483647;
			files = (
				6E9C8C6EBC24B28CF0CA4519 /* Pods_WhirlyDirlyWordsUITests.framework in Frameworks */,
			);
			runOnlyForDeploymentPostprocessing = 0;
		};
/* End PBXFrameworksBuildPhase section */

/* Begin PBXGroup section */
		1BFE600E70452D80B2850C91 /* Frameworks */ = {
			isa = PBXGroup;
			children = (
				0DCAD6F89C9120547654C79D /* Pods_WhirlyDirlyWords.framework */,
				37C4EFCB616D8E7245524656 /* Pods_WhirlyDirlyWordsTests.framework */,
				B51D2384B8BE754F4E501A93 /* Pods_WhirlyDirlyWordsUITests.framework */,
			);
			name = Frameworks;
			sourceTree = "<group>";
		};
		5E1A3B2A1AB814B0A7D6E87C /* Pods */ = {
			isa = PBXGroup;
			children = (
				6D946113E26916996D935A97 /* Pods-WhirlyDirlyWords.debug.xcconfig */,
				38424CA6DB5A7478C5BB97AB /* Pods-WhirlyDirlyWords.release.xcconfig */,
				43A7807D0ECCF2BCAF018E54 /* Pods-WhirlyDirlyWordsTests.debug.xcconfig */,
				52AC2D1AF8822EACBDF65974 /* Pods-WhirlyDirlyWordsTests.release.xcconfig */,
				CB3A7A126549389058186FC3 /* Pods-WhirlyDirlyWordsUITests.debug.xcconfig */,
				202B6D99DF522214D948C813 /* Pods-WhirlyDirlyWordsUITests.release.xcconfig */,
			);
			name = Pods;
			sourceTree = "<group>";
		};
		E9DF83DA1FD8D83600C64AFB = {
			isa = PBXGroup;
			children = (
				E9DF83E51FD8D83700C64AFB /* WhirlyDirlyWords */,
				E9DF83FA1FD8D83700C64AFB /* WhirlyDirlyWordsTests */,
				E9DF84051FD8D83700C64AFB /* WhirlyDirlyWordsUITests */,
				E9DF83E41FD8D83700C64AFB /* Products */,
				5E1A3B2A1AB814B0A7D6E87C /* Pods */,
				1BFE600E70452D80B2850C91 /* Frameworks */,
			);
			sourceTree = "<group>";
		};
		E9DF83E41FD8D83700C64AFB /* Products */ = {
			isa = PBXGroup;
			children = (
				E9DF83E31FD8D83700C64AFB /* WhirlyDirlyWords.app */,
				E9DF83F71FD8D83700C64AFB /* WhirlyDirlyWordsTests.xctest */,
				E9DF84021FD8D83700C64AFB /* WhirlyDirlyWordsUITests.xctest */,
			);
			name = Products;
			sourceTree = "<group>";
		};
		E9DF83E51FD8D83700C64AFB /* WhirlyDirlyWords */ = {
			isa = PBXGroup;
			children = (
				E9DF842D1FD8F34B00C64AFB /* Model */,
				E9DF842C1FD8F34200C64AFB /* Controller */,
				E9DF84271FD8E1AD00C64AFB /* Extension */,
				E9DF84241FD8DEC800C64AFB /* Enum */,
				E9DF841D1FD8DACF00C64AFB /* Util */,
				E9DF84141FD8D9DC00C64AFB /* WordAssets */,
				E9DF83E61FD8D83700C64AFB /* AppDelegate.swift */,
				E9DF83EA1FD8D83700C64AFB /* Main.storyboard */,
				E9DF83ED1FD8D83700C64AFB /* Assets.xcassets */,
				E9DF83EF1FD8D83700C64AFB /* LaunchScreen.storyboard */,
				E9DF83F21FD8D83700C64AFB /* Info.plist */,
			);
			path = WhirlyDirlyWords;
			sourceTree = "<group>";
		};
		E9DF83FA1FD8D83700C64AFB /* WhirlyDirlyWordsTests */ = {
			isa = PBXGroup;
			children = (
				E9DF83FB1FD8D83700C64AFB /* WhirlyDirlyWordsTests.swift */,
				E9DF83FD1FD8D83700C64AFB /* Info.plist */,
				E9DF84201FD8DC8F00C64AFB /* ParserTest.swift */,
			);
			path = WhirlyDirlyWordsTests;
			sourceTree = "<group>";
		};
		E9DF84051FD8D83700C64AFB /* WhirlyDirlyWordsUITests */ = {
			isa = PBXGroup;
			children = (
				E9DF84061FD8D83700C64AFB /* WhirlyDirlyWordsUITests.swift */,
				E9DF84081FD8D83700C64AFB /* Info.plist */,
			);
			path = WhirlyDirlyWordsUITests;
			sourceTree = "<group>";
		};
		E9DF84141FD8D9DC00C64AFB /* WordAssets */ = {
			isa = PBXGroup;
			children = (
				E9DF84151FD8DA2A00C64AFB /* words-long.txt */,
				E9DF84171FD8DA4500C64AFB /* word-medium.txt */,
				E9DF84191FD8DA5000C64AFB /* words-short.txt */,
				E9DF841B1FD8DAB300C64AFB /* words-all.txt */,
				E9DF842A1FD8E89800C64AFB /* words-extended.txt */,
			);
			path = WordAssets;
			sourceTree = "<group>";
		};
		E9DF841D1FD8DACF00C64AFB /* Util */ = {
			isa = PBXGroup;
			children = (
				E9DF841E1FD8DAD800C64AFB /* Parser.swift */,
			);
			path = Util;
			sourceTree = "<group>";
		};
		E9DF84241FD8DEC800C64AFB /* Enum */ = {
			isa = PBXGroup;
			children = (
				E9DF84251FD8DEDB00C64AFB /* Length.swift */,
			);
			path = Enum;
			sourceTree = "<group>";
		};
		E9DF84271FD8E1AD00C64AFB /* Extension */ = {
			isa = PBXGroup;
			children = (
				E9DF84281FD8E1BE00C64AFB /* String+Extras.swift */,
			);
			path = Extension;
			sourceTree = "<group>";
		};
		E9DF842C1FD8F34200C64AFB /* Controller */ = {
			isa = PBXGroup;
			children = (
				E9DF83E81FD8D83700C64AFB /* ViewController.swift */,
			);
			path = Controller;
			sourceTree = "<group>";
		};
		E9DF842D1FD8F34B00C64AFB /* Model */ = {
			isa = PBXGroup;
			children = (
				E9DF84221FD8DE6500C64AFB /* Words.swift */,
			);
			path = Model;
			sourceTree = "<group>";
		};
/* End PBXGroup section */

/* Begin PBXNativeTarget section */
		E9DF83E21FD8D83600C64AFB /* WhirlyDirlyWords */ = {
			isa = PBXNativeTarget;
			buildConfigurationList = E9DF840B1FD8D83700C64AFB /* Build configuration list for PBXNativeTarget "WhirlyDirlyWords" */;
			buildPhases = (
				665C5D60618023265BB7F34F /* [CP] Check Pods Manifest.lock */,
				E9DF83DF1FD8D83600C64AFB /* Sources */,
				E9DF83E01FD8D83600C64AFB /* Frameworks */,
				E9DF83E11FD8D83600C64AFB /* Resources */,
				9A5CC3A593830A158E625776 /* [CP] Embed Pods Frameworks */,
				49EFCB9BDA822A3227F3A30B /* [CP] Copy Pods Resources */,
			);
			buildRules = (
			);
			dependencies = (
			);
			name = WhirlyDirlyWords;
			productName = WhirlyDirlyWords;
			productReference = E9DF83E31FD8D83700C64AFB /* WhirlyDirlyWords.app */;
			productType = "com.apple.product-type.application";
		};
		E9DF83F61FD8D83700C64AFB /* WhirlyDirlyWordsTests */ = {
			isa = PBXNativeTarget;
			buildConfigurationList = E9DF840E1FD8D83700C64AFB /* Build configuration list for PBXNativeTarget "WhirlyDirlyWordsTests" */;
			buildPhases = (
				3C8E897DDC281E2808309751 /* [CP] Check Pods Manifest.lock */,
				E9DF83F31FD8D83700C64AFB /* Sources */,
				E9DF83F41FD8D83700C64AFB /* Frameworks */,
				E9DF83F51FD8D83700C64AFB /* Resources */,
				C5A68E6052C4FAE0AF88D768 /* [CP] Embed Pods Frameworks */,
				A8FD5E1273F9D0F1E82F22F8 /* [CP] Copy Pods Resources */,
			);
			buildRules = (
			);
			dependencies = (
				E9DF83F91FD8D83700C64AFB /* PBXTargetDependency */,
			);
			name = WhirlyDirlyWordsTests;
			productName = WhirlyDirlyWordsTests;
			productReference = E9DF83F71FD8D83700C64AFB /* WhirlyDirlyWordsTests.xctest */;
			productType = "com.apple.product-type.bundle.unit-test";
		};
		E9DF84011FD8D83700C64AFB /* WhirlyDirlyWordsUITests */ = {
			isa = PBXNativeTarget;
			buildConfigurationList = E9DF84111FD8D83700C64AFB /* Build configuration list for PBXNativeTarget "WhirlyDirlyWordsUITests" */;
			buildPhases = (
				0AB803F61008F7D7C1B5E9E2 /* [CP] Check Pods Manifest.lock */,
				E9DF83FE1FD8D83700C64AFB /* Sources */,
				E9DF83FF1FD8D83700C64AFB /* Frameworks */,
				E9DF84001FD8D83700C64AFB /* Resources */,
				DF894E64395A2564D83988EC /* [CP] Embed Pods Frameworks */,
				0867EF012B13BB35A4373CBD /* [CP] Copy Pods Resources */,
			);
			buildRules = (
			);
			dependencies = (
				E9DF84041FD8D83700C64AFB /* PBXTargetDependency */,
			);
			name = WhirlyDirlyWordsUITests;
			productName = WhirlyDirlyWordsUITests;
			productReference = E9DF84021FD8D83700C64AFB /* WhirlyDirlyWordsUITests.xctest */;
			productType = "com.apple.product-type.bundle.ui-testing";
		};
/* End PBXNativeTarget section */

/* Begin PBXProject section */
		E9DF83DB1FD8D83600C64AFB /* Project object */ = {
			isa = PBXProject;
			attributes = {
				LastSwiftUpdateCheck = 0910;
				LastUpgradeCheck = 0910;
				ORGANIZATIONNAME = justinveach;
				TargetAttributes = {
					E9DF83E21FD8D83600C64AFB = {
						CreatedOnToolsVersion = 9.1;
						ProvisioningStyle = Automatic;
					};
					E9DF83F61FD8D83700C64AFB = {
						CreatedOnToolsVersion = 9.1;
						ProvisioningStyle = Automatic;
						TestTargetID = E9DF83E21FD8D83600C64AFB;
					};
					E9DF84011FD8D83700C64AFB = {
						CreatedOnToolsVersion = 9.1;
						ProvisioningStyle = Automatic;
						TestTargetID = E9DF83E21FD8D83600C64AFB;
					};
				};
			};
			buildConfigurationList = E9DF83DE1FD8D83600C64AFB /* Build configuration list for PBXProject "WhirlyDirlyWords" */;
			compatibilityVersion = "Xcode 8.0";
			developmentRegion = en;
			hasScannedForEncodings = 0;
			knownRegions = (
				en,
				Base,
			);
			mainGroup = E9DF83DA1FD8D83600C64AFB;
			productRefGroup = E9DF83E41FD8D83700C64AFB /* Products */;
			projectDirPath = "";
			projectRoot = "";
			targets = (
				E9DF83E21FD8D83600C64AFB /* WhirlyDirlyWords */,
				E9DF83F61FD8D83700C64AFB /* WhirlyDirlyWordsTests */,
				E9DF84011FD8D83700C64AFB /* WhirlyDirlyWordsUITests */,
			);
		};
/* End PBXProject section */

/* Begin PBXResourcesBuildPhase section */
		E9DF83E11FD8D83600C64AFB /* Resources */ = {
			isa = PBXResourcesBuildPhase;
			buildActionMask = 2147483647;
			files = (
				E9DF84181FD8DA4500C64AFB /* word-medium.txt in Resources */,
				E9DF841C1FD8DAB300C64AFB /* words-all.txt in Resources */,
				E9DF841A1FD8DA5000C64AFB /* words-short.txt in Resources */,
				E9DF842B1FD8E89800C64AFB /* words-extended.txt in Resources */,
				E9DF84161FD8DA2A00C64AFB /* words-long.txt in Resources */,
				E9DF83F11FD8D83700C64AFB /* LaunchScreen.storyboard in Resources */,
				E9DF83EE1FD8D83700C64AFB /* Assets.xcassets in Resources */,
				E9DF83EC1FD8D83700C64AFB /* Main.storyboard in Resources */,
			);
			runOnlyForDeploymentPostprocessing = 0;
		};
		E9DF83F51FD8D83700C64AFB /* Resources */ = {
			isa = PBXResourcesBuildPhase;
			buildActionMask = 2147483647;
			files = (
			);
			runOnlyForDeploymentPostprocessing = 0;
		};
		E9DF84001FD8D83700C64AFB /* Resources */ = {
			isa = PBXResourcesBuildPhase;
			buildActionMask = 2147483647;
			files = (
			);
			runOnlyForDeploymentPostprocessing = 0;
		};
/* End PBXResourcesBuildPhase section */

/* Begin PBXShellScriptBuildPhase section */
		0867EF012B13BB35A4373CBD /* [CP] Copy Pods Resources */ = {
			isa = PBXShellScriptBuildPhase;
			buildActionMask = 2147483647;
			files = (
			);
			inputPaths = (
			);
			name = "[CP] Copy Pods Resources";
			outputPaths = (
			);
			runOnlyForDeploymentPostprocessing = 0;
			shellPath = /bin/sh;
			shellScript = "\"${SRCROOT}/Pods/Target Support Files/Pods-WhirlyDirlyWordsUITests/Pods-WhirlyDirlyWordsUITests-resources.sh\"\n";
			showEnvVarsInLog = 0;
		};
		0AB803F61008F7D7C1B5E9E2 /* [CP] Check Pods Manifest.lock */ = {
			isa = PBXShellScriptBuildPhase;
			buildActionMask = 2147483647;
			files = (
			);
			inputPaths = (
				"${PODS_PODFILE_DIR_PATH}/Podfile.lock",
				"${PODS_ROOT}/Manifest.lock",
			);
			name = "[CP] Check Pods Manifest.lock";
			outputPaths = (
				"$(DERIVED_FILE_DIR)/Pods-WhirlyDirlyWordsUITests-checkManifestLockResult.txt",
			);
			runOnlyForDeploymentPostprocessing = 0;
			shellPath = /bin/sh;
			shellScript = "diff \"${PODS_PODFILE_DIR_PATH}/Podfile.lock\" \"${PODS_ROOT}/Manifest.lock\" > /dev/null\nif [ $? != 0 ] ; then\n    # print error to STDERR\n    echo \"error: The sandbox is not in sync with the Podfile.lock. Run 'pod install' or update your CocoaPods installation.\" >&2\n    exit 1\nfi\n# This output is used by Xcode 'outputs' to avoid re-running this script phase.\necho \"SUCCESS\" > \"${SCRIPT_OUTPUT_FILE_0}\"\n";
			showEnvVarsInLog = 0;
		};
		3C8E897DDC281E2808309751 /* [CP] Check Pods Manifest.lock */ = {
			isa = PBXShellScriptBuildPhase;
			buildActionMask = 2147483647;
			files = (
			);
			inputPaths = (
				"${PODS_PODFILE_DIR_PATH}/Podfile.lock",
				"${PODS_ROOT}/Manifest.lock",
			);
			name = "[CP] Check Pods Manifest.lock";
			outputPaths = (
				"$(DERIVED_FILE_DIR)/Pods-WhirlyDirlyWordsTests-checkManifestLockResult.txt",
			);
			runOnlyForDeploymentPostprocessing = 0;
			shellPath = /bin/sh;
			shellScript = "diff \"${PODS_PODFILE_DIR_PATH}/Podfile.lock\" \"${PODS_ROOT}/Manifest.lock\" > /dev/null\nif [ $? != 0 ] ; then\n    # print error to STDERR\n    echo \"error: The sandbox is not in sync with the Podfile.lock. Run 'pod install' or update your CocoaPods installation.\" >&2\n    exit 1\nfi\n# This output is used by Xcode 'outputs' to avoid re-running this script phase.\necho \"SUCCESS\" > \"${SCRIPT_OUTPUT_FILE_0}\"\n";
			showEnvVarsInLog = 0;
		};
		49EFCB9BDA822A3227F3A30B /* [CP] Copy Pods Resources */ = {
			isa = PBXShellScriptBuildPhase;
			buildActionMask = 2147483647;
			files = (
			);
			inputPaths = (
			);
			name = "[CP] Copy Pods Resources";
			outputPaths = (
			);
			runOnlyForDeploymentPostprocessing = 0;
			shellPath = /bin/sh;
			shellScript = "\"${SRCROOT}/Pods/Target Support Files/Pods-WhirlyDirlyWords/Pods-WhirlyDirlyWords-resources.sh\"\n";
			showEnvVarsInLog = 0;
		};
		665C5D60618023265BB7F34F /* [CP] Check Pods Manifest.lock */ = {
			isa = PBXShellScriptBuildPhase;
			buildActionMask = 2147483647;
			files = (
			);
			inputPaths = (
				"${PODS_PODFILE_DIR_PATH}/Podfile.lock",
				"${PODS_ROOT}/Manifest.lock",
			);
			name = "[CP] Check Pods Manifest.lock";
			outputPaths = (
				"$(DERIVED_FILE_DIR)/Pods-WhirlyDirlyWords-checkManifestLockResult.txt",
			);
			runOnlyForDeploymentPostprocessing = 0;
			shellPath = /bin/sh;
			shellScript = "diff \"${PODS_PODFILE_DIR_PATH}/Podfile.lock\" \"${PODS_ROOT}/Manifest.lock\" > /dev/null\nif [ $? != 0 ] ; then\n    # print error to STDERR\n    echo \"error: The sandbox is not in sync with the Podfile.lock. Run 'pod install' or update your CocoaPods installation.\" >&2\n    exit 1\nfi\n# This output is used by Xcode 'outputs' to avoid re-running this script phase.\necho \"SUCCESS\" > \"${SCRIPT_OUTPUT_FILE_0}\"\n";
			showEnvVarsInLog = 0;
		};
		9A5CC3A593830A158E625776 /* [CP] Embed Pods Frameworks */ = {
			isa = PBXShellScriptBuildPhase;
			buildActionMask = 2147483647;
			files = (
			);
			inputPaths = (
				"${SRCROOT}/Pods/Target Support Files/Pods-WhirlyDirlyWords/Pods-WhirlyDirlyWords-frameworks.sh",
				"${BUILT_PRODUCTS_DIR}/CocoaLumberjack/CocoaLumberjack.framework",
			);
			name = "[CP] Embed Pods Frameworks";
			outputPaths = (
				"${TARGET_BUILD_DIR}/${FRAMEWORKS_FOLDER_PATH}/CocoaLumberjack.framework",
			);
			runOnlyForDeploymentPostprocessing = 0;
			shellPath = /bin/sh;
			shellScript = "\"${SRCROOT}/Pods/Target Support Files/Pods-WhirlyDirlyWords/Pods-WhirlyDirlyWords-frameworks.sh\"\n";
			showEnvVarsInLog = 0;
		};
		A8FD5E1273F9D0F1E82F22F8 /* [CP] Copy Pods Resources */ = {
			isa = PBXShellScriptBuildPhase;
			buildActionMask = 2147483647;
			files = (
			);
			inputPaths = (
			);
			name = "[CP] Copy Pods Resources";
			outputPaths = (
			);
			runOnlyForDeploymentPostprocessing = 0;
			shellPath = /bin/sh;
			shellScript = "\"${SRCROOT}/Pods/Target Support Files/Pods-WhirlyDirlyWordsTests/Pods-WhirlyDirlyWordsTests-resources.sh\"\n";
			showEnvVarsInLog = 0;
		};
		C5A68E6052C4FAE0AF88D768 /* [CP] Embed Pods Frameworks */ = {
			isa = PBXShellScriptBuildPhase;
			buildActionMask = 2147483647;
			files = (
			);
			inputPaths = (
			);
			name = "[CP] Embed Pods Frameworks";
			outputPaths = (
			);
			runOnlyForDeploymentPostprocessing = 0;
			shellPath = /bin/sh;
			shellScript = "\"${SRCROOT}/Pods/Target Support Files/Pods-WhirlyDirlyWordsTests/Pods-WhirlyDirlyWordsTests-frameworks.sh\"\n";
			showEnvVarsInLog = 0;
		};
		DF894E64395A2564D83988EC /* [CP] Embed Pods Frameworks */ = {
			isa = PBXShellScriptBuildPhase;
			buildActionMask = 2147483647;
			files = (
			);
			inputPaths = (
			);
			name = "[CP] Embed Pods Frameworks";
			outputPaths = (
			);
			runOnlyForDeploymentPostprocessing = 0;
			shellPath = /bin/sh;
			shellScript = "\"${SRCROOT}/Pods/Target Support Files/Pods-WhirlyDirlyWordsUITests/Pods-WhirlyDirlyWordsUITests-frameworks.sh\"\n";
			showEnvVarsInLog = 0;
		};
/* End PBXShellScriptBuildPhase section */

/* Begin PBXSourcesBuildPhase section */
		E9DF83DF1FD8D83600C64AFB /* Sources */ = {
			isa = PBXSourcesBuildPhase;
			buildActionMask = 2147483647;
			files = (
				E9DF83E91FD8D83700C64AFB /* ViewController.swift in Sources */,
				E9DF84291FD8E1BE00C64AFB /* String+Extras.swift in Sources */,
				E9DF84231FD8DE6500C64AFB /* Words.swift in Sources */,
				E9DF84261FD8DEDB00C64AFB /* Length.swift in Sources */,
				E9DF83E71FD8D83700C64AFB /* AppDelegate.swift in Sources */,
				E9DF841F1FD8DAD800C64AFB /* Parser.swift in Sources */,
			);
			runOnlyForDeploymentPostprocessing = 0;
		};
		E9DF83F31FD8D83700C64AFB /* Sources */ = {
			isa = PBXSourcesBuildPhase;
			buildActionMask = 2147483647;
			files = (
				E9DF84211FD8DC8F00C64AFB /* ParserTest.swift in Sources */,
				E9DF83FC1FD8D83700C64AFB /* WhirlyDirlyWordsTests.swift in Sources */,
			);
			runOnlyForDeploymentPostprocessing = 0;
		};
		E9DF83FE1FD8D83700C64AFB /* Sources */ = {
			isa = PBXSourcesBuildPhase;
			buildActionMask = 2147483647;
			files = (
				E9DF84071FD8D83700C64AFB /* WhirlyDirlyWordsUITests.swift in Sources */,
			);
			runOnlyForDeploymentPostprocessing = 0;
		};
/* End PBXSourcesBuildPhase section */

/* Begin PBXTargetDependency section */
		E9DF83F91FD8D83700C64AFB /* PBXTargetDependency */ = {
			isa = PBXTargetDependency;
			target = E9DF83E21FD8D83600C64AFB /* WhirlyDirlyWords */;
			targetProxy = E9DF83F81FD8D83700C64AFB /* PBXContainerItemProxy */;
		};
		E9DF84041FD8D83700C64AFB /* PBXTargetDependency */ = {
			isa = PBXTargetDependency;
			target = E9DF83E21FD8D83600C64AFB /* WhirlyDirlyWords */;
			targetProxy = E9DF84031FD8D83700C64AFB /* PBXContainerItemProxy */;
		};
/* End PBXTargetDependency section */

/* Begin PBXVariantGroup section */
		E9DF83EA1FD8D83700C64AFB /* Main.storyboard */ = {
			isa = PBXVariantGroup;
			children = (
				E9DF83EB1FD8D83700C64AFB /* Base */,
			);
			name = Main.storyboard;
			sourceTree = "<group>";
		};
		E9DF83EF1FD8D83700C64AFB /* LaunchScreen.storyboard */ = {
			isa = PBXVariantGroup;
			children = (
				E9DF83F01FD8D83700C64AFB /* Base */,
			);
			name = LaunchScreen.storyboard;
			sourceTree = "<group>";
		};
/* End PBXVariantGroup section */

/* Begin XCBuildConfiguration section */
		E9DF84091FD8D83700C64AFB /* Debug */ = {
			isa = XCBuildConfiguration;
			buildSettings = {
				ALWAYS_SEARCH_USER_PATHS = NO;
				CLANG_ANALYZER_NONNULL = YES;
				CLANG_ANALYZER_NUMBER_OBJECT_CONVERSION = YES_AGGRESSIVE;
				CLANG_CXX_LANGUAGE_STANDARD = "gnu++14";
				CLANG_CXX_LIBRARY = "libc++";
				CLANG_ENABLE_MODULES = YES;
				CLANG_ENABLE_OBJC_ARC = YES;
				CLANG_WARN_BLOCK_CAPTURE_AUTORELEASING = YES;
				CLANG_WARN_BOOL_CONVERSION = YES;
				CLANG_WARN_COMMA = YES;
				CLANG_WARN_CONSTANT_CONVERSION = YES;
				CLANG_WARN_DIRECT_OBJC_ISA_USAGE = YES_ERROR;
				CLANG_WARN_DOCUMENTATION_COMMENTS = YES;
				CLANG_WARN_EMPTY_BODY = YES;
				CLANG_WARN_ENUM_CONVERSION = YES;
				CLANG_WARN_INFINITE_RECURSION = YES;
				CLANG_WARN_INT_CONVERSION = YES;
				CLANG_WARN_NON_LITERAL_NULL_CONVERSION = YES;
				CLANG_WARN_OBJC_LITERAL_CONVERSION = YES;
				CLANG_WARN_OBJC_ROOT_CLASS = YES_ERROR;
				CLANG_WARN_RANGE_LOOP_ANALYSIS = YES;
				CLANG_WARN_STRICT_PROTOTYPES = YES;
				CLANG_WARN_SUSPICIOUS_MOVE = YES;
				CLANG_WARN_UNGUARDED_AVAILABILITY = YES_AGGRESSIVE;
				CLANG_WARN_UNREACHABLE_CODE = YES;
				CLANG_WARN__DUPLICATE_METHOD_MATCH = YES;
				CODE_SIGN_IDENTITY = "iPhone Developer";
				COPY_PHASE_STRIP = NO;
				DEBUG_INFORMATION_FORMAT = dwarf;
				ENABLE_STRICT_OBJC_MSGSEND = YES;
				ENABLE_TESTABILITY = YES;
				GCC_C_LANGUAGE_STANDARD = gnu11;
				GCC_DYNAMIC_NO_PIC = NO;
				GCC_NO_COMMON_BLOCKS = YES;
				GCC_OPTIMIZATION_LEVEL = 0;
				GCC_PREPROCESSOR_DEFINITIONS = (
					"DEBUG=1",
					"$(inherited)",
				);
				GCC_WARN_64_TO_32_BIT_CONVERSION = YES;
				GCC_WARN_ABOUT_RETURN_TYPE = YES_ERROR;
				GCC_WARN_UNDECLARED_SELECTOR = YES;
				GCC_WARN_UNINITIALIZED_AUTOS = YES_AGGRESSIVE;
				GCC_WARN_UNUSED_FUNCTION = YES;
				GCC_WARN_UNUSED_VARIABLE = YES;
				IPHONEOS_DEPLOYMENT_TARGET = 11.1;
				MTL_ENABLE_DEBUG_INFO = YES;
				ONLY_ACTIVE_ARCH = YES;
				SDKROOT = iphoneos;
				SWIFT_ACTIVE_COMPILATION_CONDITIONS = DEBUG;
				SWIFT_OPTIMIZATION_LEVEL = "-Onone";
			};
			name = Debug;
		};
		E9DF840A1FD8D83700C64AFB /* Release */ = {
			isa = XCBuildConfiguration;
			buildSettings = {
				ALWAYS_SEARCH_USER_PATHS = NO;
				CLANG_ANALYZER_NONNULL = YES;
				CLANG_ANALYZER_NUMBER_OBJECT_CONVERSION = YES_AGGRESSIVE;
				CLANG_CXX_LANGUAGE_STANDARD = "gnu++14";
				CLANG_CXX_LIBRARY = "libc++";
				CLANG_ENABLE_MODULES = YES;
				CLANG_ENABLE_OBJC_ARC = YES;
				CLANG_WARN_BLOCK_CAPTURE_AUTORELEASING = YES;
				CLANG_WARN_BOOL_CONVERSION = YES;
				CLANG_WARN_COMMA = YES;
				CLANG_WARN_CONSTANT_CONVERSION = YES;
				CLANG_WARN_DIRECT_OBJC_ISA_USAGE = YES_ERROR;
				CLANG_WARN_DOCUMENTATION_COMMENTS = YES;
				CLANG_WARN_EMPTY_BODY = YES;
				CLANG_WARN_ENUM_CONVERSION = YES;
				CLANG_WARN_INFINITE_RECURSION = YES;
				CLANG_WARN_INT_CONVERSION = YES;
				CLANG_WARN_NON_LITERAL_NULL_CONVERSION = YES;
				CLANG_WARN_OBJC_LITERAL_CONVERSION = YES;
				CLANG_WARN_OBJC_ROOT_CLASS = YES_ERROR;
				CLANG_WARN_RANGE_LOOP_ANALYSIS = YES;
				CLANG_WARN_STRICT_PROTOTYPES = YES;
				CLANG_WARN_SUSPICIOUS_MOVE = YES;
				CLANG_WARN_UNGUARDED_AVAILABILITY = YES_AGGRESSIVE;
				CLANG_WARN_UNREACHABLE_CODE = YES;
				CLANG_WARN__DUPLICATE_METHOD_MATCH = YES;
				CODE_SIGN_IDENTITY = "iPhone Developer";
				COPY_PHASE_STRIP = NO;
				DEBUG_INFORMATION_FORMAT = "dwarf-with-dsym";
				ENABLE_NS_ASSERTIONS = NO;
				ENABLE_STRICT_OBJC_MSGSEND = YES;
				GCC_C_LANGUAGE_STANDARD = gnu11;
				GCC_NO_COMMON_BLOCKS = YES;
				GCC_WARN_64_TO_32_BIT_CONVERSION = YES;
				GCC_WARN_ABOUT_RETURN_TYPE = YES_ERROR;
				GCC_WARN_UNDECLARED_SELECTOR = YES;
				GCC_WARN_UNINITIALIZED_AUTOS = YES_AGGRESSIVE;
				GCC_WARN_UNUSED_FUNCTION = YES;
				GCC_WARN_UNUSED_VARIABLE = YES;
				IPHONEOS_DEPLOYMENT_TARGET = 11.1;
				MTL_ENABLE_DEBUG_INFO = NO;
				SDKROOT = iphoneos;
				SWIFT_OPTIMIZATION_LEVEL = "-Owholemodule";
				VALIDATE_PRODUCT = YES;
			};
			name = Release;
		};
		E9DF840C1FD8D83700C64AFB /* Debug */ = {
			isa = XCBuildConfiguration;
			baseConfigurationReference = 6D946113E26916996D935A97 /* Pods-WhirlyDirlyWords.debug.xcconfig */;
			buildSettings = {
				ASSETCATALOG_COMPILER_APPICON_NAME = AppIcon;
				CODE_SIGN_STYLE = Automatic;
				DEVELOPMENT_TEAM = FCQU2B3S28;
				INFOPLIST_FILE = WhirlyDirlyWords/Info.plist;
				LD_RUNPATH_SEARCH_PATHS = "$(inherited) @executable_path/Frameworks";
				PRODUCT_BUNDLE_IDENTIFIER = com.justinveach.WhirlyDirlyWords;
				PRODUCT_NAME = "$(TARGET_NAME)";
				SWIFT_VERSION = 4.0;
				TARGETED_DEVICE_FAMILY = "1,2";
			};
			name = Debug;
		};
		E9DF840D1FD8D83700C64AFB /* Release */ = {
			isa = XCBuildConfiguration;
			baseConfigurationReference = 38424CA6DB5A7478C5BB97AB /* Pods-WhirlyDirlyWords.release.xcconfig */;
			buildSettings = {
				ASSETCATALOG_COMPILER_APPICON_NAME = AppIcon;
				CODE_SIGN_STYLE = Automatic;
				DEVELOPMENT_TEAM = FCQU2B3S28;
				INFOPLIST_FILE = WhirlyDirlyWords/Info.plist;
				LD_RUNPATH_SEARCH_PATHS = "$(inherited) @executable_path/Frameworks";
				PRODUCT_BUNDLE_IDENTIFIER = com.justinveach.WhirlyDirlyWords;
				PRODUCT_NAME = "$(TARGET_NAME)";
				SWIFT_VERSION = 4.0;
				TARGETED_DEVICE_FAMILY = "1,2";
			};
			name = Release;
		};
		E9DF840F1FD8D83700C64AFB /* Debug */ = {
			isa = XCBuildConfiguration;
			baseConfigurationReference = 43A7807D0ECCF2BCAF018E54 /* Pods-WhirlyDirlyWordsTests.debug.xcconfig */;
			buildSettings = {
				ALWAYS_EMBED_SWIFT_STANDARD_LIBRARIES = YES;
				BUNDLE_LOADER = "$(TEST_HOST)";
				CODE_SIGN_STYLE = Automatic;
				DEVELOPMENT_TEAM = FCQU2B3S28;
				INFOPLIST_FILE = WhirlyDirlyWordsTests/Info.plist;
				LD_RUNPATH_SEARCH_PATHS = "$(inherited) @executable_path/Frameworks @loader_path/Frameworks";
				PRODUCT_BUNDLE_IDENTIFIER = com.justinveach.WhirlyDirlyWordsTests;
				PRODUCT_NAME = "$(TARGET_NAME)";
				SWIFT_VERSION = 4.0;
				TARGETED_DEVICE_FAMILY = "1,2";
				TEST_HOST = "$(BUILT_PRODUCTS_DIR)/WhirlyDirlyWords.app/WhirlyDirlyWords";
			};
			name = Debug;
		};
		E9DF84101FD8D83700C64AFB /* Release */ = {
			isa = XCBuildConfiguration;
			baseConfigurationReference = 52AC2D1AF8822EACBDF65974 /* Pods-WhirlyDirlyWordsTests.release.xcconfig */;
			buildSettings = {
				ALWAYS_EMBED_SWIFT_STANDARD_LIBRARIES = YES;
				BUNDLE_LOADER = "$(TEST_HOST)";
				CODE_SIGN_STYLE = Automatic;
				DEVELOPMENT_TEAM = FCQU2B3S28;
				INFOPLIST_FILE = WhirlyDirlyWordsTests/Info.plist;
				LD_RUNPATH_SEARCH_PATHS = "$(inherited) @executable_path/Frameworks @loader_path/Frameworks";
				PRODUCT_BUNDLE_IDENTIFIER = com.justinveach.WhirlyDirlyWordsTests;
				PRODUCT_NAME = "$(TARGET_NAME)";
				SWIFT_VERSION = 4.0;
				TARGETED_DEVICE_FAMILY = "1,2";
				TEST_HOST = "$(BUILT_PRODUCTS_DIR)/WhirlyDirlyWords.app/WhirlyDirlyWords";
			};
			name = Release;
		};
		E9DF84121FD8D83700C64AFB /* Debug */ = {
			isa = XCBuildConfiguration;
			baseConfigurationReference = CB3A7A126549389058186FC3 /* Pods-WhirlyDirlyWordsUITests.debug.xcconfig */;
			buildSettings = {
				ALWAYS_EMBED_SWIFT_STANDARD_LIBRARIES = YES;
				CODE_SIGN_STYLE = Automatic;
				DEVELOPMENT_TEAM = FCQU2B3S28;
				INFOPLIST_FILE = WhirlyDirlyWordsUITests/Info.plist;
				LD_RUNPATH_SEARCH_PATHS = "$(inherited) @executable_path/Frameworks @loader_path/Frameworks";
				PRODUCT_BUNDLE_IDENTIFIER = com.justinveach.WhirlyDirlyWordsUITests;
				PRODUCT_NAME = "$(TARGET_NAME)";
				SWIFT_VERSION = 4.0;
				TARGETED_DEVICE_FAMILY = "1,2";
				TEST_TARGET_NAME = WhirlyDirlyWords;
			};
			name = Debug;
		};
		E9DF84131FD8D83700C64AFB /* Release */ = {
			isa = XCBuildConfiguration;
			baseConfigurationReference = 202B6D99DF522214D948C813 /* Pods-WhirlyDirlyWordsUITests.release.xcconfig */;
			buildSettings = {
				ALWAYS_EMBED_SWIFT_STANDARD_LIBRARIES = YES;
				CODE_SIGN_STYLE = Automatic;
				DEVELOPMENT_TEAM = FCQU2B3S28;
				INFOPLIST_FILE = WhirlyDirlyWordsUITests/Info.plist;
				LD_RUNPATH_SEARCH_PATHS = "$(inherited) @executable_path/Frameworks @loader_path/Frameworks";
				PRODUCT_BUNDLE_IDENTIFIER = com.justinveach.WhirlyDirlyWordsUITests;
				PRODUCT_NAME = "$(TARGET_NAME)";
				SWIFT_VERSION = 4.0;
				TARGETED_DEVICE_FAMILY = "1,2";
				TEST_TARGET_NAME = WhirlyDirlyWords;
			};
			name = Release;
		};
/* End XCBuildConfiguration section */

/* Begin XCConfigurationList section */
		E9DF83DE1FD8D83600C64AFB /* Build configuration list for PBXProject "WhirlyDirlyWords" */ = {
			isa = XCConfigurationList;
			buildConfigurations = (
				E9DF84091FD8D83700C64AFB /* Debug */,
				E9DF840A1FD8D83700C64AFB /* Release */,
			);
			defaultConfigurationIsVisible = 0;
			defaultConfigurationName = Release;
		};
		E9DF840B1FD8D83700C64AFB /* Build configuration list for PBXNativeTarget "WhirlyDirlyWords" */ = {
			isa = XCConfigurationList;
			buildConfigurations = (
				E9DF840C1FD8D83700C64AFB /* Debug */,
				E9DF840D1FD8D83700C64AFB /* Release */,
			);
			defaultConfigurationIsVisible = 0;
			defaultConfigurationName = Release;
		};
		E9DF840E1FD8D83700C64AFB /* Build configuration list for PBXNativeTarget "WhirlyDirlyWordsTests" */ = {
			isa = XCConfigurationList;
			buildConfigurations = (
				E9DF840F1FD8D83700C64AFB /* Debug */,
				E9DF84101FD8D83700C64AFB /* Release */,
			);
			defaultConfigurationIsVisible = 0;
			defaultConfigurationName = Release;
		};
		E9DF84111FD8D83700C64AFB /* Build configuration list for PBXNativeTarget "WhirlyDirlyWordsUITests" */ = {
			isa = XCConfigurationList;
			buildConfigurations = (
				E9DF84121FD8D83700C64AFB /* Debug */,
				E9DF84131FD8D83700C64AFB /* Release */,
			);
			defaultConfigurationIsVisible = 0;
			defaultConfigurationName = Release;
		};
/* End XCConfigurationList section */
	};
	rootObject = E9DF83DB1FD8D83600C64AFB /* Project object */;
}
