// !$*UTF8*$!
{
	archiveVersion = 1;
	classes = {
	};
	objectVersion = 48;
	objects = {

/* Begin PBXBuildFile section */
		2BAD1EAE2B4F67ED0649DB2F /* Pods_WhirlyDirlyBirdsTests.framework in Frameworks */ = {isa = PBXBuildFile; fileRef = 0E3FED25415A6DC1405156F0 /* Pods_WhirlyDirlyBirdsTests.framework */; };
		51036D1B64DCE3746561EE90 /* Pods_WhirlyDirlyBirdsUITests.framework in Frameworks */ = {isa = PBXBuildFile; fileRef = 74C459FE8F5B5F2DEA91915C /* Pods_WhirlyDirlyBirdsUITests.framework */; };
		B773307FCC9BAF0A091BECF1 /* Pods_WhirlyDirlyBirds.framework in Frameworks */ = {isa = PBXBuildFile; fileRef = F5842A72B63CF30B03C26805 /* Pods_WhirlyDirlyBirds.framework */; };
		E923A5301FCE5FFF00EE1EAD /* AppDelegate.swift in Sources */ = {isa = PBXBuildFile; fileRef = E923A52F1FCE5FFF00EE1EAD /* AppDelegate.swift */; };
		E923A5321FCE5FFF00EE1EAD /* ViewController.swift in Sources */ = {isa = PBXBuildFile; fileRef = E923A5311FCE5FFF00EE1EAD /* ViewController.swift */; };
		E923A5351FCE5FFF00EE1EAD /* Main.storyboard in Resources */ = {isa = PBXBuildFile; fileRef = E923A5331FCE5FFF00EE1EAD /* Main.storyboard */; };
		E923A5371FCE5FFF00EE1EAD /* Assets.xcassets in Resources */ = {isa = PBXBuildFile; fileRef = E923A5361FCE5FFF00EE1EAD /* Assets.xcassets */; };
		E923A53A1FCE5FFF00EE1EAD /* LaunchScreen.storyboard in Resources */ = {isa = PBXBuildFile; fileRef = E923A5381FCE5FFF00EE1EAD /* LaunchScreen.storyboard */; };
		E923A5451FCE5FFF00EE1EAD /* WhirlyDirlyBirdsTests.swift in Sources */ = {isa = PBXBuildFile; fileRef = E923A5441FCE5FFF00EE1EAD /* WhirlyDirlyBirdsTests.swift */; };
		E923A5501FCE5FFF00EE1EAD /* WhirlyDirlyBirdsUITests.swift in Sources */ = {isa = PBXBuildFile; fileRef = E923A54F1FCE5FFF00EE1EAD /* WhirlyDirlyBirdsUITests.swift */; };
/* End PBXBuildFile section */

/* Begin PBXContainerItemProxy section */
		E923A5411FCE5FFF00EE1EAD /* PBXContainerItemProxy */ = {
			isa = PBXContainerItemProxy;
			containerPortal = E923A5241FCE5FFF00EE1EAD /* Project object */;
			proxyType = 1;
			remoteGlobalIDString = E923A52B1FCE5FFF00EE1EAD;
			remoteInfo = WhirlyDirlyBirds;
		};
		E923A54C1FCE5FFF00EE1EAD /* PBXContainerItemProxy */ = {
			isa = PBXContainerItemProxy;
			containerPortal = E923A5241FCE5FFF00EE1EAD /* Project object */;
			proxyType = 1;
			remoteGlobalIDString = E923A52B1FCE5FFF00EE1EAD;
			remoteInfo = WhirlyDirlyBirds;
		};
/* End PBXContainerItemProxy section */

/* Begin PBXFileReference section */
		0BFEBEF87A3A02646D802772 /* Pods-WhirlyDirlyBirds.debug.xcconfig */ = {isa = PBXFileReference; includeInIndex = 1; lastKnownFileType = text.xcconfig; name = "Pods-WhirlyDirlyBirds.debug.xcconfig"; path = "Pods/Target Support Files/Pods-WhirlyDirlyBirds/Pods-WhirlyDirlyBirds.debug.xcconfig"; sourceTree = "<group>"; };
		0E3FED25415A6DC1405156F0 /* Pods_WhirlyDirlyBirdsTests.framework */ = {isa = PBXFileReference; explicitFileType = wrapper.framework; includeInIndex = 0; path = Pods_WhirlyDirlyBirdsTests.framework; sourceTree = BUILT_PRODUCTS_DIR; };
		2C2B201B3367E354059540AD /* Pods-WhirlyDirlyBirdsUITests.release.xcconfig */ = {isa = PBXFileReference; includeInIndex = 1; lastKnownFileType = text.xcconfig; name = "Pods-WhirlyDirlyBirdsUITests.release.xcconfig"; path = "Pods/Target Support Files/Pods-WhirlyDirlyBirdsUITests/Pods-WhirlyDirlyBirdsUITests.release.xcconfig"; sourceTree = "<group>"; };
		5E36DB550B65500FEEBAC4ED /* Pods-WhirlyDirlyBirdsTests.release.xcconfig */ = {isa = PBXFileReference; includeInIndex = 1; lastKnownFileType = text.xcconfig; name = "Pods-WhirlyDirlyBirdsTests.release.xcconfig"; path = "Pods/Target Support Files/Pods-WhirlyDirlyBirdsTests/Pods-WhirlyDirlyBirdsTests.release.xcconfig"; sourceTree = "<group>"; };
		74C459FE8F5B5F2DEA91915C /* Pods_WhirlyDirlyBirdsUITests.framework */ = {isa = PBXFileReference; explicitFileType = wrapper.framework; includeInIndex = 0; path = Pods_WhirlyDirlyBirdsUITests.framework; sourceTree = BUILT_PRODUCTS_DIR; };
		E923A52C1FCE5FFF00EE1EAD /* WhirlyDirlyBirds.app */ = {isa = PBXFileReference; explicitFileType = wrapper.application; includeInIndex = 0; path = WhirlyDirlyBirds.app; sourceTree = BUILT_PRODUCTS_DIR; };
		E923A52F1FCE5FFF00EE1EAD /* AppDelegate.swift */ = {isa = PBXFileReference; lastKnownFileType = sourcecode.swift; path = AppDelegate.swift; sourceTree = "<group>"; };
		E923A5311FCE5FFF00EE1EAD /* ViewController.swift */ = {isa = PBXFileReference; lastKnownFileType = sourcecode.swift; path = ViewController.swift; sourceTree = "<group>"; };
		E923A5341FCE5FFF00EE1EAD /* Base */ = {isa = PBXFileReference; lastKnownFileType = file.storyboard; name = Base; path = Base.lproj/Main.storyboard; sourceTree = "<group>"; };
		E923A5361FCE5FFF00EE1EAD /* Assets.xcassets */ = {isa = PBXFileReference; lastKnownFileType = folder.assetcatalog; path = Assets.xcassets; sourceTree = "<group>"; };
		E923A5391FCE5FFF00EE1EAD /* Base */ = {isa = PBXFileReference; lastKnownFileType = file.storyboard; name = Base; path = Base.lproj/LaunchScreen.storyboard; sourceTree = "<group>"; };
		E923A53B1FCE5FFF00EE1EAD /* Info.plist */ = {isa = PBXFileReference; lastKnownFileType = text.plist.xml; path = Info.plist; sourceTree = "<group>"; };
		E923A5401FCE5FFF00EE1EAD /* WhirlyDirlyBirdsTests.xctest */ = {isa = PBXFileReference; explicitFileType = wrapper.cfbundle; includeInIndex = 0; path = WhirlyDirlyBirdsTests.xctest; sourceTree = BUILT_PRODUCTS_DIR; };
		E923A5441FCE5FFF00EE1EAD /* WhirlyDirlyBirdsTests.swift */ = {isa = PBXFileReference; lastKnownFileType = sourcecode.swift; path = WhirlyDirlyBirdsTests.swift; sourceTree = "<group>"; };
		E923A5461FCE5FFF00EE1EAD /* Info.plist */ = {isa = PBXFileReference; lastKnownFileType = text.plist.xml; path = Info.plist; sourceTree = "<group>"; };
		E923A54B1FCE5FFF00EE1EAD /* WhirlyDirlyBirdsUITests.xctest */ = {isa = PBXFileReference; explicitFileType = wrapper.cfbundle; includeInIndex = 0; path = WhirlyDirlyBirdsUITests.xctest; sourceTree = BUILT_PRODUCTS_DIR; };
		E923A54F1FCE5FFF00EE1EAD /* WhirlyDirlyBirdsUITests.swift */ = {isa = PBXFileReference; lastKnownFileType = sourcecode.swift; path = WhirlyDirlyBirdsUITests.swift; sourceTree = "<group>"; };
		E923A5511FCE5FFF00EE1EAD /* Info.plist */ = {isa = PBXFileReference; lastKnownFileType = text.plist.xml; path = Info.plist; sourceTree = "<group>"; };
		F2966D879069EE9CE644C41C /* Pods-WhirlyDirlyBirdsUITests.debug.xcconfig */ = {isa = PBXFileReference; includeInIndex = 1; lastKnownFileType = text.xcconfig; name = "Pods-WhirlyDirlyBirdsUITests.debug.xcconfig"; path = "Pods/Target Support Files/Pods-WhirlyDirlyBirdsUITests/Pods-WhirlyDirlyBirdsUITests.debug.xcconfig"; sourceTree = "<group>"; };
		F31C802CB4758F857A197E27 /* Pods-WhirlyDirlyBirdsTests.debug.xcconfig */ = {isa = PBXFileReference; includeInIndex = 1; lastKnownFileType = text.xcconfig; name = "Pods-WhirlyDirlyBirdsTests.debug.xcconfig"; path = "Pods/Target Support Files/Pods-WhirlyDirlyBirdsTests/Pods-WhirlyDirlyBirdsTests.debug.xcconfig"; sourceTree = "<group>"; };
		F5842A72B63CF30B03C26805 /* Pods_WhirlyDirlyBirds.framework */ = {isa = PBXFileReference; explicitFileType = wrapper.framework; includeInIndex = 0; path = Pods_WhirlyDirlyBirds.framework; sourceTree = BUILT_PRODUCTS_DIR; };
		FEC8D5D23ED84A878097FF4C /* Pods-WhirlyDirlyBirds.release.xcconfig */ = {isa = PBXFileReference; includeInIndex = 1; lastKnownFileType = text.xcconfig; name = "Pods-WhirlyDirlyBirds.release.xcconfig"; path = "Pods/Target Support Files/Pods-WhirlyDirlyBirds/Pods-WhirlyDirlyBirds.release.xcconfig"; sourceTree = "<group>"; };
/* End PBXFileReference section */

/* Begin PBXFrameworksBuildPhase section */
		E923A5291FCE5FFF00EE1EAD /* Frameworks */ = {
			isa = PBXFrameworksBuildPhase;
			buildActionMask = 2147483647;
			files = (
				B773307FCC9BAF0A091BECF1 /* Pods_WhirlyDirlyBirds.framework in Frameworks */,
			);
			runOnlyForDeploymentPostprocessing = 0;
		};
		E923A53D1FCE5FFF00EE1EAD /* Frameworks */ = {
			isa = PBXFrameworksBuildPhase;
			buildActionMask = 2147483647;
			files = (
				2BAD1EAE2B4F67ED0649DB2F /* Pods_WhirlyDirlyBirdsTests.framework in Frameworks */,
			);
			runOnlyForDeploymentPostprocessing = 0;
		};
		E923A5481FCE5FFF00EE1EAD /* Frameworks */ = {
			isa = PBXFrameworksBuildPhase;
			buildActionMask = 2147483647;
			files = (
				51036D1B64DCE3746561EE90 /* Pods_WhirlyDirlyBirdsUITests.framework in Frameworks */,
			);
			runOnlyForDeploymentPostprocessing = 0;
		};
/* End PBXFrameworksBuildPhase section */

/* Begin PBXGroup section */
		065473A197BF1E636D23F225 /* Frameworks */ = {
			isa = PBXGroup;
			children = (
				F5842A72B63CF30B03C26805 /* Pods_WhirlyDirlyBirds.framework */,
				0E3FED25415A6DC1405156F0 /* Pods_WhirlyDirlyBirdsTests.framework */,
				74C459FE8F5B5F2DEA91915C /* Pods_WhirlyDirlyBirdsUITests.framework */,
			);
			name = Frameworks;
			sourceTree = "<group>";
		};
		95BC4B7B7422DF6D96B0F7DA /* Pods */ = {
			isa = PBXGroup;
			children = (
				0BFEBEF87A3A02646D802772 /* Pods-WhirlyDirlyBirds.debug.xcconfig */,
				FEC8D5D23ED84A878097FF4C /* Pods-WhirlyDirlyBirds.release.xcconfig */,
				F31C802CB4758F857A197E27 /* Pods-WhirlyDirlyBirdsTests.debug.xcconfig */,
				5E36DB550B65500FEEBAC4ED /* Pods-WhirlyDirlyBirdsTests.release.xcconfig */,
				F2966D879069EE9CE644C41C /* Pods-WhirlyDirlyBirdsUITests.debug.xcconfig */,
				2C2B201B3367E354059540AD /* Pods-WhirlyDirlyBirdsUITests.release.xcconfig */,
			);
			name = Pods;
			sourceTree = "<group>";
		};
		E923A5231FCE5FFF00EE1EAD = {
			isa = PBXGroup;
			children = (
				E923A52E1FCE5FFF00EE1EAD /* WhirlyDirlyBirds */,
				E923A5431FCE5FFF00EE1EAD /* WhirlyDirlyBirdsTests */,
				E923A54E1FCE5FFF00EE1EAD /* WhirlyDirlyBirdsUITests */,
				E923A52D1FCE5FFF00EE1EAD /* Products */,
				95BC4B7B7422DF6D96B0F7DA /* Pods */,
				065473A197BF1E636D23F225 /* Frameworks */,
			);
			sourceTree = "<group>";
		};
		E923A52D1FCE5FFF00EE1EAD /* Products */ = {
			isa = PBXGroup;
			children = (
				E923A52C1FCE5FFF00EE1EAD /* WhirlyDirlyBirds.app */,
				E923A5401FCE5FFF00EE1EAD /* WhirlyDirlyBirdsTests.xctest */,
				E923A54B1FCE5FFF00EE1EAD /* WhirlyDirlyBirdsUITests.xctest */,
			);
			name = Products;
			sourceTree = "<group>";
		};
		E923A52E1FCE5FFF00EE1EAD /* WhirlyDirlyBirds */ = {
			isa = PBXGroup;
			children = (
				E923A52F1FCE5FFF00EE1EAD /* AppDelegate.swift */,
				E923A5311FCE5FFF00EE1EAD /* ViewController.swift */,
				E923A5331FCE5FFF00EE1EAD /* Main.storyboard */,
				E923A5361FCE5FFF00EE1EAD /* Assets.xcassets */,
				E923A5381FCE5FFF00EE1EAD /* LaunchScreen.storyboard */,
				E923A53B1FCE5FFF00EE1EAD /* Info.plist */,
			);
			path = WhirlyDirlyBirds;
			sourceTree = "<group>";
		};
		E923A5431FCE5FFF00EE1EAD /* WhirlyDirlyBirdsTests */ = {
			isa = PBXGroup;
			children = (
				E923A5441FCE5FFF00EE1EAD /* WhirlyDirlyBirdsTests.swift */,
				E923A5461FCE5FFF00EE1EAD /* Info.plist */,
			);
			path = WhirlyDirlyBirdsTests;
			sourceTree = "<group>";
		};
		E923A54E1FCE5FFF00EE1EAD /* WhirlyDirlyBirdsUITests */ = {
			isa = PBXGroup;
			children = (
				E923A54F1FCE5FFF00EE1EAD /* WhirlyDirlyBirdsUITests.swift */,
				E923A5511FCE5FFF00EE1EAD /* Info.plist */,
			);
			path = WhirlyDirlyBirdsUITests;
			sourceTree = "<group>";
		};
/* End PBXGroup section */

/* Begin PBXNativeTarget section */
		E923A52B1FCE5FFF00EE1EAD /* WhirlyDirlyBirds */ = {
			isa = PBXNativeTarget;
			buildConfigurationList = E923A5541FCE5FFF00EE1EAD /* Build configuration list for PBXNativeTarget "WhirlyDirlyBirds" */;
			buildPhases = (
				D5FA2E7F36D2A6B7CCE19D99 /* [CP] Check Pods Manifest.lock */,
				E923A5281FCE5FFF00EE1EAD /* Sources */,
				E923A5291FCE5FFF00EE1EAD /* Frameworks */,
				E923A52A1FCE5FFF00EE1EAD /* Resources */,
				86732B2FFEE0AD9E1F7755B1 /* [CP] Embed Pods Frameworks */,
				82D757186767F5FA6E518761 /* [CP] Copy Pods Resources */,
			);
			buildRules = (
			);
			dependencies = (
			);
			name = WhirlyDirlyBirds;
			productName = WhirlyDirlyBirds;
			productReference = E923A52C1FCE5FFF00EE1EAD /* WhirlyDirlyBirds.app */;
			productType = "com.apple.product-type.application";
		};
		E923A53F1FCE5FFF00EE1EAD /* WhirlyDirlyBirdsTests */ = {
			isa = PBXNativeTarget;
			buildConfigurationList = E923A5571FCE5FFF00EE1EAD /* Build configuration list for PBXNativeTarget "WhirlyDirlyBirdsTests" */;
			buildPhases = (
				E246104D1B162A39B1413EC6 /* [CP] Check Pods Manifest.lock */,
				E923A53C1FCE5FFF00EE1EAD /* Sources */,
				E923A53D1FCE5FFF00EE1EAD /* Frameworks */,
				E923A53E1FCE5FFF00EE1EAD /* Resources */,
				779B1F42D63D48900D78E089 /* [CP] Embed Pods Frameworks */,
				0602F35CFB34BB0B88A2861B /* [CP] Copy Pods Resources */,
			);
			buildRules = (
			);
			dependencies = (
				E923A5421FCE5FFF00EE1EAD /* PBXTargetDependency */,
			);
			name = WhirlyDirlyBirdsTests;
			productName = WhirlyDirlyBirdsTests;
			productReference = E923A5401FCE5FFF00EE1EAD /* WhirlyDirlyBirdsTests.xctest */;
			productType = "com.apple.product-type.bundle.unit-test";
		};
		E923A54A1FCE5FFF00EE1EAD /* WhirlyDirlyBirdsUITests */ = {
			isa = PBXNativeTarget;
			buildConfigurationList = E923A55A1FCE5FFF00EE1EAD /* Build configuration list for PBXNativeTarget "WhirlyDirlyBirdsUITests" */;
			buildPhases = (
				F982185C60226683978E256A /* [CP] Check Pods Manifest.lock */,
				E923A5471FCE5FFF00EE1EAD /* Sources */,
				E923A5481FCE5FFF00EE1EAD /* Frameworks */,
				E923A5491FCE5FFF00EE1EAD /* Resources */,
				F0786648D9FAA41080BCD3CD /* [CP] Embed Pods Frameworks */,
				6F5EF3315BAB2FD6D1975BC6 /* [CP] Copy Pods Resources */,
			);
			buildRules = (
			);
			dependencies = (
				E923A54D1FCE5FFF00EE1EAD /* PBXTargetDependency */,
			);
			name = WhirlyDirlyBirdsUITests;
			productName = WhirlyDirlyBirdsUITests;
			productReference = E923A54B1FCE5FFF00EE1EAD /* WhirlyDirlyBirdsUITests.xctest */;
			productType = "com.apple.product-type.bundle.ui-testing";
		};
/* End PBXNativeTarget section */

/* Begin PBXProject section */
		E923A5241FCE5FFF00EE1EAD /* Project object */ = {
			isa = PBXProject;
			attributes = {
				LastSwiftUpdateCheck = 0910;
				LastUpgradeCheck = 0910;
				ORGANIZATIONNAME = justinveach;
				TargetAttributes = {
					E923A52B1FCE5FFF00EE1EAD = {
						CreatedOnToolsVersion = 9.1;
						ProvisioningStyle = Automatic;
					};
					E923A53F1FCE5FFF00EE1EAD = {
						CreatedOnToolsVersion = 9.1;
						ProvisioningStyle = Automatic;
						TestTargetID = E923A52B1FCE5FFF00EE1EAD;
					};
					E923A54A1FCE5FFF00EE1EAD = {
						CreatedOnToolsVersion = 9.1;
						ProvisioningStyle = Automatic;
						TestTargetID = E923A52B1FCE5FFF00EE1EAD;
					};
				};
			};
			buildConfigurationList = E923A5271FCE5FFF00EE1EAD /* Build configuration list for PBXProject "WhirlyDirlyBirds" */;
			compatibilityVersion = "Xcode 8.0";
			developmentRegion = en;
			hasScannedForEncodings = 0;
			knownRegions = (
				en,
				Base,
			);
			mainGroup = E923A5231FCE5FFF00EE1EAD;
			productRefGroup = E923A52D1FCE5FFF00EE1EAD /* Products */;
			projectDirPath = "";
			projectRoot = "";
			targets = (
				E923A52B1FCE5FFF00EE1EAD /* WhirlyDirlyBirds */,
				E923A53F1FCE5FFF00EE1EAD /* WhirlyDirlyBirdsTests */,
				E923A54A1FCE5FFF00EE1EAD /* WhirlyDirlyBirdsUITests */,
			);
		};
/* End PBXProject section */

/* Begin PBXResourcesBuildPhase section */
		E923A52A1FCE5FFF00EE1EAD /* Resources */ = {
			isa = PBXResourcesBuildPhase;
			buildActionMask = 2147483647;
			files = (
				E923A53A1FCE5FFF00EE1EAD /* LaunchScreen.storyboard in Resources */,
				E923A5371FCE5FFF00EE1EAD /* Assets.xcassets in Resources */,
				E923A5351FCE5FFF00EE1EAD /* Main.storyboard in Resources */,
			);
			runOnlyForDeploymentPostprocessing = 0;
		};
		E923A53E1FCE5FFF00EE1EAD /* Resources */ = {
			isa = PBXResourcesBuildPhase;
			buildActionMask = 2147483647;
			files = (
			);
			runOnlyForDeploymentPostprocessing = 0;
		};
		E923A5491FCE5FFF00EE1EAD /* Resources */ = {
			isa = PBXResourcesBuildPhase;
			buildActionMask = 2147483647;
			files = (
			);
			runOnlyForDeploymentPostprocessing = 0;
		};
/* End PBXResourcesBuildPhase section */

/* Begin PBXShellScriptBuildPhase section */
		0602F35CFB34BB0B88A2861B /* [CP] Copy Pods Resources */ = {
			isa = PBXShellScriptBuildPhase;
			buildActionMask = 2147483647;
			files = (
			);
			inputPaths = (
			);
			name = "[CP] Copy Pods Resources";
			outputPaths = (
			);
			runOnlyForDeploymentPostprocessing = 0;
			shellPath = /bin/sh;
			shellScript = "\"${SRCROOT}/Pods/Target Support Files/Pods-WhirlyDirlyBirdsTests/Pods-WhirlyDirlyBirdsTests-resources.sh\"\n";
			showEnvVarsInLog = 0;
		};
		6F5EF3315BAB2FD6D1975BC6 /* [CP] Copy Pods Resources */ = {
			isa = PBXShellScriptBuildPhase;
			buildActionMask = 2147483647;
			files = (
			);
			inputPaths = (
			);
			name = "[CP] Copy Pods Resources";
			outputPaths = (
			);
			runOnlyForDeploymentPostprocessing = 0;
			shellPath = /bin/sh;
			shellScript = "\"${SRCROOT}/Pods/Target Support Files/Pods-WhirlyDirlyBirdsUITests/Pods-WhirlyDirlyBirdsUITests-resources.sh\"\n";
			showEnvVarsInLog = 0;
		};
		779B1F42D63D48900D78E089 /* [CP] Embed Pods Frameworks */ = {
			isa = PBXShellScriptBuildPhase;
			buildActionMask = 2147483647;
			files = (
			);
			inputPaths = (
			);
			name = "[CP] Embed Pods Frameworks";
			outputPaths = (
			);
			runOnlyForDeploymentPostprocessing = 0;
			shellPath = /bin/sh;
			shellScript = "\"${SRCROOT}/Pods/Target Support Files/Pods-WhirlyDirlyBirdsTests/Pods-WhirlyDirlyBirdsTests-frameworks.sh\"\n";
			showEnvVarsInLog = 0;
		};
		82D757186767F5FA6E518761 /* [CP] Copy Pods Resources */ = {
			isa = PBXShellScriptBuildPhase;
			buildActionMask = 2147483647;
			files = (
			);
			inputPaths = (
			);
			name = "[CP] Copy Pods Resources";
			outputPaths = (
			);
			runOnlyForDeploymentPostprocessing = 0;
			shellPath = /bin/sh;
			shellScript = "\"${SRCROOT}/Pods/Target Support Files/Pods-WhirlyDirlyBirds/Pods-WhirlyDirlyBirds-resources.sh\"\n";
			showEnvVarsInLog = 0;
		};
		86732B2FFEE0AD9E1F7755B1 /* [CP] Embed Pods Frameworks */ = {
			isa = PBXShellScriptBuildPhase;
			buildActionMask = 2147483647;
			files = (
			);
			inputPaths = (
				"${SRCROOT}/Pods/Target Support Files/Pods-WhirlyDirlyBirds/Pods-WhirlyDirlyBirds-frameworks.sh",
				"${BUILT_PRODUCTS_DIR}/CocoaLumberjack/CocoaLumberjack.framework",
			);
			name = "[CP] Embed Pods Frameworks";
			outputPaths = (
				"${TARGET_BUILD_DIR}/${FRAMEWORKS_FOLDER_PATH}/CocoaLumberjack.framework",
			);
			runOnlyForDeploymentPostprocessing = 0;
			shellPath = /bin/sh;
			shellScript = "\"${SRCROOT}/Pods/Target Support Files/Pods-WhirlyDirlyBirds/Pods-WhirlyDirlyBirds-frameworks.sh\"\n";
			showEnvVarsInLog = 0;
		};
		D5FA2E7F36D2A6B7CCE19D99 /* [CP] Check Pods Manifest.lock */ = {
			isa = PBXShellScriptBuildPhase;
			buildActionMask = 2147483647;
			files = (
			);
			inputPaths = (
				"${PODS_PODFILE_DIR_PATH}/Podfile.lock",
				"${PODS_ROOT}/Manifest.lock",
			);
			name = "[CP] Check Pods Manifest.lock";
			outputPaths = (
				"$(DERIVED_FILE_DIR)/Pods-WhirlyDirlyBirds-checkManifestLockResult.txt",
			);
			runOnlyForDeploymentPostprocessing = 0;
			shellPath = /bin/sh;
			shellScript = "diff \"${PODS_PODFILE_DIR_PATH}/Podfile.lock\" \"${PODS_ROOT}/Manifest.lock\" > /dev/null\nif [ $? != 0 ] ; then\n    # print error to STDERR\n    echo \"error: The sandbox is not in sync with the Podfile.lock. Run 'pod install' or update your CocoaPods installation.\" >&2\n    exit 1\nfi\n# This output is used by Xcode 'outputs' to avoid re-running this script phase.\necho \"SUCCESS\" > \"${SCRIPT_OUTPUT_FILE_0}\"\n";
			showEnvVarsInLog = 0;
		};
		E246104D1B162A39B1413EC6 /* [CP] Check Pods Manifest.lock */ = {
			isa = PBXShellScriptBuildPhase;
			buildActionMask = 2147483647;
			files = (
			);
			inputPaths = (
				"${PODS_PODFILE_DIR_PATH}/Podfile.lock",
				"${PODS_ROOT}/Manifest.lock",
			);
			name = "[CP] Check Pods Manifest.lock";
			outputPaths = (
				"$(DERIVED_FILE_DIR)/Pods-WhirlyDirlyBirdsTests-checkManifestLockResult.txt",
			);
			runOnlyForDeploymentPostprocessing = 0;
			shellPath = /bin/sh;
			shellScript = "diff \"${PODS_PODFILE_DIR_PATH}/Podfile.lock\" \"${PODS_ROOT}/Manifest.lock\" > /dev/null\nif [ $? != 0 ] ; then\n    # print error to STDERR\n    echo \"error: The sandbox is not in sync with the Podfile.lock. Run 'pod install' or update your CocoaPods installation.\" >&2\n    exit 1\nfi\n# This output is used by Xcode 'outputs' to avoid re-running this script phase.\necho \"SUCCESS\" > \"${SCRIPT_OUTPUT_FILE_0}\"\n";
			showEnvVarsInLog = 0;
		};
		F0786648D9FAA41080BCD3CD /* [CP] Embed Pods Frameworks */ = {
			isa = PBXShellScriptBuildPhase;
			buildActionMask = 2147483647;
			files = (
			);
			inputPaths = (
			);
			name = "[CP] Embed Pods Frameworks";
			outputPaths = (
			);
			runOnlyForDeploymentPostprocessing = 0;
			shellPath = /bin/sh;
			shellScript = "\"${SRCROOT}/Pods/Target Support Files/Pods-WhirlyDirlyBirdsUITests/Pods-WhirlyDirlyBirdsUITests-frameworks.sh\"\n";
			showEnvVarsInLog = 0;
		};
		F982185C60226683978E256A /* [CP] Check Pods Manifest.lock */ = {
			isa = PBXShellScriptBuildPhase;
			buildActionMask = 2147483647;
			files = (
			);
			inputPaths = (
				"${PODS_PODFILE_DIR_PATH}/Podfile.lock",
				"${PODS_ROOT}/Manifest.lock",
			);
			name = "[CP] Check Pods Manifest.lock";
			outputPaths = (
				"$(DERIVED_FILE_DIR)/Pods-WhirlyDirlyBirdsUITests-checkManifestLockResult.txt",
			);
			runOnlyForDeploymentPostprocessing = 0;
			shellPath = /bin/sh;
			shellScript = "diff \"${PODS_PODFILE_DIR_PATH}/Podfile.lock\" \"${PODS_ROOT}/Manifest.lock\" > /dev/null\nif [ $? != 0 ] ; then\n    # print error to STDERR\n    echo \"error: The sandbox is not in sync with the Podfile.lock. Run 'pod install' or update your CocoaPods installation.\" >&2\n    exit 1\nfi\n# This output is used by Xcode 'outputs' to avoid re-running this script phase.\necho \"SUCCESS\" > \"${SCRIPT_OUTPUT_FILE_0}\"\n";
			showEnvVarsInLog = 0;
		};
/* End PBXShellScriptBuildPhase section */

/* Begin PBXSourcesBuildPhase section */
		E923A5281FCE5FFF00EE1EAD /* Sources */ = {
			isa = PBXSourcesBuildPhase;
			buildActionMask = 2147483647;
			files = (
				E923A5321FCE5FFF00EE1EAD /* ViewController.swift in Sources */,
				E923A5301FCE5FFF00EE1EAD /* AppDelegate.swift in Sources */,
			);
			runOnlyForDeploymentPostprocessing = 0;
		};
		E923A53C1FCE5FFF00EE1EAD /* Sources */ = {
			isa = PBXSourcesBuildPhase;
			buildActionMask = 2147483647;
			files = (
				E923A5451FCE5FFF00EE1EAD /* WhirlyDirlyBirdsTests.swift in Sources */,
			);
			runOnlyForDeploymentPostprocessing = 0;
		};
		E923A5471FCE5FFF00EE1EAD /* Sources */ = {
			isa = PBXSourcesBuildPhase;
			buildActionMask = 2147483647;
			files = (
				E923A5501FCE5FFF00EE1EAD /* WhirlyDirlyBirdsUITests.swift in Sources */,
			);
			runOnlyForDeploymentPostprocessing = 0;
		};
/* End PBXSourcesBuildPhase section */

/* Begin PBXTargetDependency section */
		E923A5421FCE5FFF00EE1EAD /* PBXTargetDependency */ = {
			isa = PBXTargetDependency;
			target = E923A52B1FCE5FFF00EE1EAD /* WhirlyDirlyBirds */;
			targetProxy = E923A5411FCE5FFF00EE1EAD /* PBXContainerItemProxy */;
		};
		E923A54D1FCE5FFF00EE1EAD /* PBXTargetDependency */ = {
			isa = PBXTargetDependency;
			target = E923A52B1FCE5FFF00EE1EAD /* WhirlyDirlyBirds */;
			targetProxy = E923A54C1FCE5FFF00EE1EAD /* PBXContainerItemProxy */;
		};
/* End PBXTargetDependency section */

/* Begin PBXVariantGroup section */
		E923A5331FCE5FFF00EE1EAD /* Main.storyboard */ = {
			isa = PBXVariantGroup;
			children = (
				E923A5341FCE5FFF00EE1EAD /* Base */,
			);
			name = Main.storyboard;
			sourceTree = "<group>";
		};
		E923A5381FCE5FFF00EE1EAD /* LaunchScreen.storyboard */ = {
			isa = PBXVariantGroup;
			children = (
				E923A5391FCE5FFF00EE1EAD /* Base */,
			);
			name = LaunchScreen.storyboard;
			sourceTree = "<group>";
		};
/* End PBXVariantGroup section */

/* Begin XCBuildConfiguration section */
		E923A5521FCE5FFF00EE1EAD /* Debug */ = {
			isa = XCBuildConfiguration;
			buildSettings = {
				ALWAYS_SEARCH_USER_PATHS = NO;
				CLANG_ANALYZER_NONNULL = YES;
				CLANG_ANALYZER_NUMBER_OBJECT_CONVERSION = YES_AGGRESSIVE;
				CLANG_CXX_LANGUAGE_STANDARD = "gnu++14";
				CLANG_CXX_LIBRARY = "libc++";
				CLANG_ENABLE_MODULES = YES;
				CLANG_ENABLE_OBJC_ARC = YES;
				CLANG_WARN_BLOCK_CAPTURE_AUTORELEASING = YES;
				CLANG_WARN_BOOL_CONVERSION = YES;
				CLANG_WARN_COMMA = YES;
				CLANG_WARN_CONSTANT_CONVERSION = YES;
				CLANG_WARN_DIRECT_OBJC_ISA_USAGE = YES_ERROR;
				CLANG_WARN_DOCUMENTATION_COMMENTS = YES;
				CLANG_WARN_EMPTY_BODY = YES;
				CLANG_WARN_ENUM_CONVERSION = YES;
				CLANG_WARN_INFINITE_RECURSION = YES;
				CLANG_WARN_INT_CONVERSION = YES;
				CLANG_WARN_NON_LITERAL_NULL_CONVERSION = YES;
				CLANG_WARN_OBJC_LITERAL_CONVERSION = YES;
				CLANG_WARN_OBJC_ROOT_CLASS = YES_ERROR;
				CLANG_WARN_RANGE_LOOP_ANALYSIS = YES;
				CLANG_WARN_STRICT_PROTOTYPES = YES;
				CLANG_WARN_SUSPICIOUS_MOVE = YES;
				CLANG_WARN_UNGUARDED_AVAILABILITY = YES_AGGRESSIVE;
				CLANG_WARN_UNREACHABLE_CODE = YES;
				CLANG_WARN__DUPLICATE_METHOD_MATCH = YES;
				CODE_SIGN_IDENTITY = "iPhone Developer";
				COPY_PHASE_STRIP = NO;
				DEBUG_INFORMATION_FORMAT = dwarf;
				ENABLE_STRICT_OBJC_MSGSEND = YES;
				ENABLE_TESTABILITY = YES;
				GCC_C_LANGUAGE_STANDARD = gnu11;
				GCC_DYNAMIC_NO_PIC = NO;
				GCC_NO_COMMON_BLOCKS = YES;
				GCC_OPTIMIZATION_LEVEL = 0;
				GCC_PREPROCESSOR_DEFINITIONS = (
					"DEBUG=1",
					"$(inherited)",
				);
				GCC_WARN_64_TO_32_BIT_CONVERSION = YES;
				GCC_WARN_ABOUT_RETURN_TYPE = YES_ERROR;
				GCC_WARN_UNDECLARED_SELECTOR = YES;
				GCC_WARN_UNINITIALIZED_AUTOS = YES_AGGRESSIVE;
				GCC_WARN_UNUSED_FUNCTION = YES;
				GCC_WARN_UNUSED_VARIABLE = YES;
				IPHONEOS_DEPLOYMENT_TARGET = 11.1;
				MTL_ENABLE_DEBUG_INFO = YES;
				ONLY_ACTIVE_ARCH = YES;
				SDKROOT = iphoneos;
				SWIFT_ACTIVE_COMPILATION_CONDITIONS = DEBUG;
				SWIFT_OPTIMIZATION_LEVEL = "-Onone";
			};
			name = Debug;
		};
		E923A5531FCE5FFF00EE1EAD /* Release */ = {
			isa = XCBuildConfiguration;
			buildSettings = {
				ALWAYS_SEARCH_USER_PATHS = NO;
				CLANG_ANALYZER_NONNULL = YES;
				CLANG_ANALYZER_NUMBER_OBJECT_CONVERSION = YES_AGGRESSIVE;
				CLANG_CXX_LANGUAGE_STANDARD = "gnu++14";
				CLANG_CXX_LIBRARY = "libc++";
				CLANG_ENABLE_MODULES = YES;
				CLANG_ENABLE_OBJC_ARC = YES;
				CLANG_WARN_BLOCK_CAPTURE_AUTORELEASING = YES;
				CLANG_WARN_BOOL_CONVERSION = YES;
				CLANG_WARN_COMMA = YES;
				CLANG_WARN_CONSTANT_CONVERSION = YES;
				CLANG_WARN_DIRECT_OBJC_ISA_USAGE = YES_ERROR;
				CLANG_WARN_DOCUMENTATION_COMMENTS = YES;
				CLANG_WARN_EMPTY_BODY = YES;
				CLANG_WARN_ENUM_CONVERSION = YES;
				CLANG_WARN_INFINITE_RECURSION = YES;
				CLANG_WARN_INT_CONVERSION = YES;
				CLANG_WARN_NON_LITERAL_NULL_CONVERSION = YES;
				CLANG_WARN_OBJC_LITERAL_CONVERSION = YES;
				CLANG_WARN_OBJC_ROOT_CLASS = YES_ERROR;
				CLANG_WARN_RANGE_LOOP_ANALYSIS = YES;
				CLANG_WARN_STRICT_PROTOTYPES = YES;
				CLANG_WARN_SUSPICIOUS_MOVE = YES;
				CLANG_WARN_UNGUARDED_AVAILABILITY = YES_AGGRESSIVE;
				CLANG_WARN_UNREACHABLE_CODE = YES;
				CLANG_WARN__DUPLICATE_METHOD_MATCH = YES;
				CODE_SIGN_IDENTITY = "iPhone Developer";
				COPY_PHASE_STRIP = NO;
				DEBUG_INFORMATION_FORMAT = "dwarf-with-dsym";
				ENABLE_NS_ASSERTIONS = NO;
				ENABLE_STRICT_OBJC_MSGSEND = YES;
				GCC_C_LANGUAGE_STANDARD = gnu11;
				GCC_NO_COMMON_BLOCKS = YES;
				GCC_WARN_64_TO_32_BIT_CONVERSION = YES;
				GCC_WARN_ABOUT_RETURN_TYPE = YES_ERROR;
				GCC_WARN_UNDECLARED_SELECTOR = YES;
				GCC_WARN_UNINITIALIZED_AUTOS = YES_AGGRESSIVE;
				GCC_WARN_UNUSED_FUNCTION = YES;
				GCC_WARN_UNUSED_VARIABLE = YES;
				IPHONEOS_DEPLOYMENT_TARGET = 11.1;
				MTL_ENABLE_DEBUG_INFO = NO;
				SDKROOT = iphoneos;
				SWIFT_OPTIMIZATION_LEVEL = "-Owholemodule";
				VALIDATE_PRODUCT = YES;
			};
			name = Release;
		};
		E923A5551FCE5FFF00EE1EAD /* Debug */ = {
			isa = XCBuildConfiguration;
			baseConfigurationReference = 0BFEBEF87A3A02646D802772 /* Pods-WhirlyDirlyBirds.debug.xcconfig */;
			buildSettings = {
				ASSETCATALOG_COMPILER_APPICON_NAME = AppIcon;
				CODE_SIGN_STYLE = Automatic;
				DEVELOPMENT_TEAM = FCQU2B3S28;
				INFOPLIST_FILE = WhirlyDirlyBirds/Info.plist;
				LD_RUNPATH_SEARCH_PATHS = "$(inherited) @executable_path/Frameworks";
				PRODUCT_BUNDLE_IDENTIFIER = com.justinveach.WhirlyDirlyBirds;
				PRODUCT_NAME = "$(TARGET_NAME)";
				SWIFT_VERSION = 4.0;
				TARGETED_DEVICE_FAMILY = "1,2";
			};
			name = Debug;
		};
		E923A5561FCE5FFF00EE1EAD /* Release */ = {
			isa = XCBuildConfiguration;
			baseConfigurationReference = FEC8D5D23ED84A878097FF4C /* Pods-WhirlyDirlyBirds.release.xcconfig */;
			buildSettings = {
				ASSETCATALOG_COMPILER_APPICON_NAME = AppIcon;
				CODE_SIGN_STYLE = Automatic;
				DEVELOPMENT_TEAM = FCQU2B3S28;
				INFOPLIST_FILE = WhirlyDirlyBirds/Info.plist;
				LD_RUNPATH_SEARCH_PATHS = "$(inherited) @executable_path/Frameworks";
				PRODUCT_BUNDLE_IDENTIFIER = com.justinveach.WhirlyDirlyBirds;
				PRODUCT_NAME = "$(TARGET_NAME)";
				SWIFT_VERSION = 4.0;
				TARGETED_DEVICE_FAMILY = "1,2";
			};
			name = Release;
		};
		E923A5581FCE5FFF00EE1EAD /* Debug */ = {
			isa = XCBuildConfiguration;
			baseConfigurationReference = F31C802CB4758F857A197E27 /* Pods-WhirlyDirlyBirdsTests.debug.xcconfig */;
			buildSettings = {
				ALWAYS_EMBED_SWIFT_STANDARD_LIBRARIES = YES;
				BUNDLE_LOADER = "$(TEST_HOST)";
				CODE_SIGN_STYLE = Automatic;
				DEVELOPMENT_TEAM = FCQU2B3S28;
				INFOPLIST_FILE = WhirlyDirlyBirdsTests/Info.plist;
				LD_RUNPATH_SEARCH_PATHS = "$(inherited) @executable_path/Frameworks @loader_path/Frameworks";
				PRODUCT_BUNDLE_IDENTIFIER = com.justinveach.WhirlyDirlyBirdsTests;
				PRODUCT_NAME = "$(TARGET_NAME)";
				SWIFT_VERSION = 4.0;
				TARGETED_DEVICE_FAMILY = "1,2";
				TEST_HOST = "$(BUILT_PRODUCTS_DIR)/WhirlyDirlyBirds.app/WhirlyDirlyBirds";
			};
			name = Debug;
		};
		E923A5591FCE5FFF00EE1EAD /* Release */ = {
			isa = XCBuildConfiguration;
			baseConfigurationReference = 5E36DB550B65500FEEBAC4ED /* Pods-WhirlyDirlyBirdsTests.release.xcconfig */;
			buildSettings = {
				ALWAYS_EMBED_SWIFT_STANDARD_LIBRARIES = YES;
				BUNDLE_LOADER = "$(TEST_HOST)";
				CODE_SIGN_STYLE = Automatic;
				DEVELOPMENT_TEAM = FCQU2B3S28;
				INFOPLIST_FILE = WhirlyDirlyBirdsTests/Info.plist;
				LD_RUNPATH_SEARCH_PATHS = "$(inherited) @executable_path/Frameworks @loader_path/Frameworks";
				PRODUCT_BUNDLE_IDENTIFIER = com.justinveach.WhirlyDirlyBirdsTests;
				PRODUCT_NAME = "$(TARGET_NAME)";
				SWIFT_VERSION = 4.0;
				TARGETED_DEVICE_FAMILY = "1,2";
				TEST_HOST = "$(BUILT_PRODUCTS_DIR)/WhirlyDirlyBirds.app/WhirlyDirlyBirds";
			};
			name = Release;
		};
		E923A55B1FCE5FFF00EE1EAD /* Debug */ = {
			isa = XCBuildConfiguration;
			baseConfigurationReference = F2966D879069EE9CE644C41C /* Pods-WhirlyDirlyBirdsUITests.debug.xcconfig */;
			buildSettings = {
				ALWAYS_EMBED_SWIFT_STANDARD_LIBRARIES = YES;
				CODE_SIGN_STYLE = Automatic;
				DEVELOPMENT_TEAM = FCQU2B3S28;
				INFOPLIST_FILE = WhirlyDirlyBirdsUITests/Info.plist;
				LD_RUNPATH_SEARCH_PATHS = "$(inherited) @executable_path/Frameworks @loader_path/Frameworks";
				PRODUCT_BUNDLE_IDENTIFIER = com.justinveach.WhirlyDirlyBirdsUITests;
				PRODUCT_NAME = "$(TARGET_NAME)";
				SWIFT_VERSION = 4.0;
				TARGETED_DEVICE_FAMILY = "1,2";
				TEST_TARGET_NAME = WhirlyDirlyBirds;
			};
			name = Debug;
		};
		E923A55C1FCE5FFF00EE1EAD /* Release */ = {
			isa = XCBuildConfiguration;
			baseConfigurationReference = 2C2B201B3367E354059540AD /* Pods-WhirlyDirlyBirdsUITests.release.xcconfig */;
			buildSettings = {
				ALWAYS_EMBED_SWIFT_STANDARD_LIBRARIES = YES;
				CODE_SIGN_STYLE = Automatic;
				DEVELOPMENT_TEAM = FCQU2B3S28;
				INFOPLIST_FILE = WhirlyDirlyBirdsUITests/Info.plist;
				LD_RUNPATH_SEARCH_PATHS = "$(inherited) @executable_path/Frameworks @loader_path/Frameworks";
				PRODUCT_BUNDLE_IDENTIFIER = com.justinveach.WhirlyDirlyBirdsUITests;
				PRODUCT_NAME = "$(TARGET_NAME)";
				SWIFT_VERSION = 4.0;
				TARGETED_DEVICE_FAMILY = "1,2";
				TEST_TARGET_NAME = WhirlyDirlyBirds;
			};
			name = Release;
		};
/* End XCBuildConfiguration section */

/* Begin XCConfigurationList section */
		E923A5271FCE5FFF00EE1EAD /* Build configuration list for PBXProject "WhirlyDirlyBirds" */ = {
			isa = XCConfigurationList;
			buildConfigurations = (
				E923A5521FCE5FFF00EE1EAD /* Debug */,
				E923A5531FCE5FFF00EE1EAD /* Release */,
			);
			defaultConfigurationIsVisible = 0;
			defaultConfigurationName = Release;
		};
		E923A5541FCE5FFF00EE1EAD /* Build configuration list for PBXNativeTarget "WhirlyDirlyBirds" */ = {
			isa = XCConfigurationList;
			buildConfigurations = (
				E923A5551FCE5FFF00EE1EAD /* Debug */,
				E923A5561FCE5FFF00EE1EAD /* Release */,
			);
			defaultConfigurationIsVisible = 0;
			defaultConfigurationName = Release;
		};
		E923A5571FCE5FFF00EE1EAD /* Build configuration list for PBXNativeTarget "WhirlyDirlyBirdsTests" */ = {
			isa = XCConfigurationList;
			buildConfigurations = (
				E923A5581FCE5FFF00EE1EAD /* Debug */,
				E923A5591FCE5FFF00EE1EAD /* Release */,
			);
			defaultConfigurationIsVisible = 0;
			defaultConfigurationName = Release;
		};
		E923A55A1FCE5FFF00EE1EAD /* Build configuration list for PBXNativeTarget "WhirlyDirlyBirdsUITests" */ = {
			isa = XCConfigurationList;
			buildConfigurations = (
				E923A55B1FCE5FFF00EE1EAD /* Debug */,
				E923A55C1FCE5FFF00EE1EAD /* Release */,
			);
			defaultConfigurationIsVisible = 0;
			defaultConfigurationName = Release;
		};
/* End XCConfigurationList section */
	};
	rootObject = E923A5241FCE5FFF00EE1EAD /* Project object */;
}
